# Generated by conda-lock.
# platform: linux-64
# input_hash: b774b0fe38f89add5c64fcac40b13fc9020f2626d85692c309babd1df7cd4044
@EXPLICIT
https://conda.anaconda.org/conda-forge/noarch/font-ttf-dejavu-sans-mono-2.37-hab24e00_0.tar.bz2#0c96522c6bdaed4b1566d11387caaf45
https://conda.anaconda.org/conda-forge/noarch/font-ttf-inconsolata-3.000-h77eed37_0.tar.bz2#34893075a5c9e55cdafac56607368fc6
https://conda.anaconda.org/conda-forge/noarch/font-ttf-source-code-pro-2.038-h77eed37_0.tar.bz2#4d59c254e01d9cde7957100457e2d5fb
https://conda.anaconda.org/conda-forge/noarch/font-ttf-ubuntu-0.83-h77eed37_3.conda#49023d73832ef61042f6a237cb2687e7
https://conda.anaconda.org/conda-forge/noarch/pybind11-abi-4-hd8ed1ab_3.tar.bz2#878f923dd6acc8aeb47a75da6c4098be
https://conda.anaconda.org/conda-forge/noarch/python_abi-3.12-8_cp312.conda#c3efd25ac4d74b1584d2f7a57195ddf1
https://conda.anaconda.org/conda-forge/noarch/tzdata-2025c-hc9c84f9_1.conda#ad659d0a2b3e47e38d829aa8cad2d610
https://conda.anaconda.org/conda-forge/noarch/ca-certificates-2026.5.20-hbd8a1cb_0.conda#489b8e97e666c93f68fdb35c3c9b957f
https://conda.anaconda.org/conda-forge/noarch/fonts-conda-forge-1-hc364b38_1.conda#a7970cd949a077b7cb9696379d338681
https://conda.anaconda.org/conda-forge/linux-64/libgomp-15.2.0-he0feb66_19.conda#faac990cb7aedc7f3a2224f2c9b0c26c
https://conda.anaconda.org/conda-forge/linux-64/libzlib-1.3.2-h25fd6f3_2.conda#d87ff7921124eccd67248aa483c23fec
https://conda.anaconda.org/conda-forge/linux-64/_openmp_mutex-4.5-20_gnu.conda#a9f577daf3de00bca7c3c76c0ecbd1de
https://conda.anaconda.org/conda-forge/noarch/fonts-conda-ecosystem-1-0.tar.bz2#fee5683a3f04bd15cbd8318b096a27ab
https://conda.anaconda.org/conda-forge/linux-64/zstd-1.5.7-hb78ec9c_6.conda#4a13eeac0b5c8e5b8ab496e6c4ddd829
https://conda.anaconda.org/conda-forge/linux-64/ld_impl_linux-64-2.45.1-default_hbd61a6d_102.conda#18335a698559cdbcd86150a48bf54ba6
https://conda.anaconda.org/conda-forge/linux-64/libgcc-15.2.0-he0feb66_19.conda#57736f29cc2b0ec0b6c2952d3f101b6a
https://conda.anaconda.org/conda-forge/linux-64/bzip2-1.0.8-hda65f42_9.conda#d2ffd7602c02f2b316fd921d39876885
https://conda.anaconda.org/conda-forge/linux-64/c-ares-1.34.6-hb03c661_0.conda#920bb03579f15389b9e512095ad995b7
https://conda.anaconda.org/conda-forge/linux-64/keyutils-1.6.3-hb9d3cd8_0.conda#b38117a3c920364aff79f870c984b4a3
https://conda.anaconda.org/conda-forge/linux-64/libbrotlicommon-1.2.0-hb03c661_1.conda#72c8fd1af66bd67bf580645b426513ed
https://conda.anaconda.org/conda-forge/linux-64/libcint-6.1.3-h64ba90f_0.conda#d3112fe7c407cdff04d7e07382661bf0
https://conda.anaconda.org/conda-forge/linux-64/libdeflate-1.25-h17f619e_0.conda#6c77a605a7a689d17d4819c0f8ac9a00
https://conda.anaconda.org/conda-forge/linux-64/libexpat-2.8.1-hecca717_0.conda#93764a5ca80616e9c10106cdaec92f74
https://conda.anaconda.org/conda-forge/linux-64/libffi-3.4.6-h2dba641_1.conda#ede4673863426c0883c0063d853bbd85
https://conda.anaconda.org/conda-forge/linux-64/libgcc-ng-15.2.0-h69a702a_19.conda#331ee9b72b9dff570d56b1302c5ab37d
https://conda.anaconda.org/conda-forge/linux-64/libgfortran5-15.2.0-h68bc16d_19.conda#85072b0ad177c966294f129b7c04a2d5
https://conda.anaconda.org/conda-forge/linux-64/libiconv-1.18-h3b78370_2.conda#915f5995e94f60e9a4826e0b0920ee88
https://conda.anaconda.org/conda-forge/linux-64/libjpeg-turbo-3.1.4.1-hb03c661_0.conda#6178c6f2fb254558238ef4e6c56fb782
https://conda.anaconda.org/conda-forge/linux-64/liblzma-5.8.3-hb03c661_0.conda#b88d90cad08e6bc8ad540cb310a761fb
https://conda.anaconda.org/conda-forge/linux-64/libnsl-2.0.1-hb9d3cd8_1.conda#d864d34357c3b65a4b731f78c0801dc4
https://conda.anaconda.org/conda-forge/linux-64/libntlm-1.8-hb9d3cd8_0.conda#7c7927b404672409d9917d49bff5f2d6
https://conda.anaconda.org/conda-forge/linux-64/libpng-1.6.58-h421ea60_0.conda#eba48a68a1a2b9d3c0d9511548db85db
https://conda.anaconda.org/conda-forge/linux-64/libsqlite-3.53.1-h0c1763c_0.conda#7dc38adcbf71e6b38748e919e16e0dce
https://conda.anaconda.org/conda-forge/linux-64/libstdcxx-15.2.0-h934c35e_19.conda#5794b3bdc38177caf969dabd3af08549
https://conda.anaconda.org/conda-forge/linux-64/libuuid-2.42.1-h5347b49_0.conda#7d0a66598195ef00b6efc55aefc7453b
https://conda.anaconda.org/conda-forge/linux-64/libuv-1.52.1-h280c20c_0.conda#4e33d49bf4fc853855a3b00643aa5484
https://conda.anaconda.org/conda-forge/linux-64/libwebp-base-1.6.0-hd42ef1d_0.conda#aea31d2e5b1091feca96fcfe945c3cf9
https://conda.anaconda.org/conda-forge/linux-64/libxc-c-7.0.0-cpu_h75f4f88_6.conda#3dcba84202768496e81c87db123dcc53
https://conda.anaconda.org/conda-forge/linux-64/ncurses-6.6-hdb14827_0.conda#fc21868a1a5aacc937e7a18747acb8a5
https://conda.anaconda.org/conda-forge/linux-64/openssl-3.6.2-h35e630c_0.conda#da1b85b6a87e141f5140bb9924cecab0
https://conda.anaconda.org/conda-forge/linux-64/pthread-stubs-0.4-hb9d3cd8_1002.conda#b3c17d95b5a10c6e64a21fa17573e70e
https://conda.anaconda.org/conda-forge/linux-64/tk-8.6.13-noxft_h366c992_103.conda#cffd3bdd58090148f4cfcd831f4b26ab
https://conda.anaconda.org/conda-forge/linux-64/xorg-libice-1.1.2-hb9d3cd8_0.conda#fb901ff28063514abb6046c9ec2c4a45
https://conda.anaconda.org/conda-forge/linux-64/xorg-libxau-1.0.12-hb03c661_1.conda#b2895afaf55bf96a8c8282a2e47a5de0
https://conda.anaconda.org/conda-forge/linux-64/xorg-libxdmcp-1.1.5-hb03c661_1.conda#1dafce8548e38671bea82e3f5c6ce22f
https://conda.anaconda.org/conda-forge/linux-64/yaml-0.2.5-h280c20c_3.conda#a77f85f77be52ff59391544bfe73390a
https://conda.anaconda.org/conda-forge/linux-64/lerc-4.1.0-hdb68285_0.conda#a752488c68f2e7c456bcbd8f16eec275
https://conda.anaconda.org/conda-forge/linux-64/libaec-1.1.5-h088129d_0.conda#86f7414544ae606282352fa1e116b41f
https://conda.anaconda.org/conda-forge/linux-64/libbrotlidec-1.2.0-hb03c661_1.conda#366b40a69f0ad6072561c1d09301c886
https://conda.anaconda.org/conda-forge/linux-64/libbrotlienc-1.2.0-hb03c661_1.conda#4ffbb341c8b616aa2494b6afb26a0c5f
https://conda.anaconda.org/conda-forge/linux-64/libedit-3.1.20250104-pl5321h7949ede_0.conda#c277e0a4d549b03ac1e9d6cbbe3d017b
https://conda.anaconda.org/conda-forge/linux-64/libev-4.33-hd590300_2.conda#172bf1cd1ff8629f2b1179945ed45055
https://conda.anaconda.org/conda-forge/linux-64/libfreetype6-2.14.3-h73754d4_0.conda#fb16b4b69e3f1dcfe79d80db8fd0c55d
https://conda.anaconda.org/conda-forge/linux-64/libgfortran-15.2.0-h69a702a_19.conda#42bf7eca1a951735fa06c0e3c0d5c8e6
https://conda.anaconda.org/conda-forge/linux-64/libssh2-1.11.1-hcf80075_0.conda#eecce068c7e4eddeb169591baac20ac4
https://conda.anaconda.org/conda-forge/linux-64/libstdcxx-ng-15.2.0-hdf11a46_19.conda#e5ce228e579726c07255dbf90dc62101
https://conda.anaconda.org/conda-forge/linux-64/libxcb-1.17.0-h8a09558_0.conda#92ed62436b625154323d40d5f2f11dd7
https://conda.anaconda.org/conda-forge/linux-64/libxcrypt-4.4.36-hd590300_1.conda#5aa797f8787fe7a17d1b0821485b5adc
https://conda.anaconda.org/conda-forge/linux-64/pcre2-10.46-h1321c63_0.conda#7fa07cb0fb1b625a089ccc01218ee5b1
https://conda.anaconda.org/conda-forge/linux-64/pixman-0.46.4-h54a6638_1.conda#c01af13bdc553d1a8fbfff6e8db075f0
https://conda.anaconda.org/conda-forge/linux-64/readline-8.3-h853b02a_0.conda#d7d95fc8287ea7bf33e0e7116d2b95ec
https://conda.anaconda.org/conda-forge/linux-64/xorg-libsm-1.2.6-he73a12e_0.conda#1c74ff8c35dcadf952a16f752ca5aa49
https://conda.anaconda.org/conda-forge/linux-64/zlib-ng-2.3.3-hceb46e0_1.conda#2aadb0d17215603a82a2a6b0afd9a4cb
https://conda.anaconda.org/conda-forge/linux-64/brotli-bin-1.2.0-hb03c661_1.conda#af39b9a8711d4a8d437b52c1d78eb6a1
https://conda.anaconda.org/conda-forge/linux-64/icu-75.1-he02047a_0.conda#8b189310083baabfb622af68fd9d3ae3
https://conda.anaconda.org/conda-forge/linux-64/krb5-1.21.3-h659f571_0.conda#3f43953b7d3fb3aaa1d0d0723d91e368
https://conda.anaconda.org/conda-forge/linux-64/libfreetype-2.14.3-ha770c72_0.conda#e289f3d17880e44b633ba911d57a321b
https://conda.anaconda.org/conda-forge/linux-64/libglib-2.86.0-h1fed272_0.conda#b8e4c93f4ab70c3b6f6499299627dbdc
https://conda.anaconda.org/conda-forge/linux-64/libnghttp2-1.68.1-h877daf1_0.conda#2a45e7f8af083626f009645a6481f12d
https://conda.anaconda.org/conda-forge/linux-64/libopenblas-0.3.33-pthreads_h94d23a6_0.conda#2d3278b721e40468295ca755c3b84070
https://conda.anaconda.org/conda-forge/linux-64/libtiff-4.7.1-h9d88235_1.conda#cd5a90476766d53e901500df9215e927
https://conda.anaconda.org/conda-forge/linux-64/python-3.12.11-h9e4cc4f_0_cpython.conda#94206474a5608243a10c92cefbe0908f
https://conda.anaconda.org/conda-forge/linux-64/qhull-2020.2-h434a139_5.conda#353823361b1d27eb3960efb076dfcaf6
https://conda.anaconda.org/conda-forge/linux-64/xorg-libx11-1.8.13-he1eb515_0.conda#861fb6ccbc677bb9a9fb2468430b9c6a
https://conda.anaconda.org/conda-forge/noarch/annotated-doc-0.0.4-pyhcf101f3_0.conda#52be5139047efadaeeb19c6a5103f92a
https://conda.anaconda.org/conda-forge/linux-64/backports.zstd-1.5.0-py312h90b7ffd_0.conda#b31dba71fe091e7201826e57e0f7b261
https://conda.anaconda.org/conda-forge/noarch/bidict-0.23.1-pyhd8ed1ab_1.conda#a6d521e8054c6b38aea1095060bd7e14
https://conda.anaconda.org/conda-forge/noarch/blinker-1.9.0-pyhff2d567_0.conda#42834439227a4551b939beeeb8a4b085
https://conda.anaconda.org/conda-forge/linux-64/brotli-1.2.0-hed03a55_1.conda#8ccf913aaba749a5496c17629d859ed1
https://conda.anaconda.org/conda-forge/linux-64/brotli-python-1.2.0-py312hdb49522_1.conda#64088dffd7413a2dd557ce837b4cbbdb
https://conda.anaconda.org/conda-forge/noarch/cached_property-1.5.2-pyha770c72_1.tar.bz2#576d629e47797577ab0f1b351297ef4a
https://conda.anaconda.org/conda-forge/noarch/certifi-2026.5.20-pyhd8ed1ab_0.conda#9fefff2f745ea1cc2ef15211a20c054a
https://conda.anaconda.org/conda-forge/noarch/charset-normalizer-3.4.7-pyhd8ed1ab_0.conda#a9167b9571f3baa9d448faa2139d1089
https://conda.anaconda.org/conda-forge/noarch/click-8.4.0-pyhc90fa1f_0.conda#003767c47f1f0a474c4de268b57839c3
https://conda.anaconda.org/conda-forge/noarch/colorama-0.4.6-pyhd8ed1ab_1.conda#962b9857ee8e7018c22f2776ffa0b2d7
https://conda.anaconda.org/conda-forge/noarch/cycler-0.12.1-pyhcf101f3_2.conda#4c2a8fef270f6c69591889b93f9f55c1
https://conda.anaconda.org/conda-forge/linux-64/cyrus-sasl-2.1.28-hd9c7081_0.conda#cae723309a49399d2949362f4ab5c9e4
https://conda.anaconda.org/conda-forge/linux-64/fastar-0.11.0-py312h42cbcb6_0.conda#71a3f70b63e42bdc994d7d9bdcc53817
https://conda.anaconda.org/conda-forge/linux-64/fontconfig-2.18.0-h27c8c51_0.conda#06965b2f9854d0b15e0443ee81fe83dc
https://conda.anaconda.org/conda-forge/linux-64/freetype-2.14.3-ha770c72_0.conda#8462b5322567212beeb025f3519fb3e2
https://conda.anaconda.org/conda-forge/linux-64/greenlet-3.5.1-py312h8285ef7_0.conda#3a704672326e552b019390d832a4b095
https://conda.anaconda.org/conda-forge/noarch/hpack-4.1.0-pyhd8ed1ab_0.conda#0a802cb9888dd14eeefc611f05c40b6e
https://conda.anaconda.org/conda-forge/linux-64/httptools-0.7.1-py312h4c3975b_1.conda#931af0f1dd27b0072f2865dd55640735
https://conda.anaconda.org/conda-forge/noarch/hyperframe-6.1.0-pyhd8ed1ab_0.conda#8e6923fc12f1fe8f8c4e5c9f343256ac
https://conda.anaconda.org/conda-forge/noarch/idna-3.15-pyhcf101f3_0.conda#1b9083b7f00609605d1483dbc6071a81
https://conda.anaconda.org/conda-forge/noarch/iniconfig-2.3.0-pyhd8ed1ab_0.conda#9614359868482abba1bd15ce465e3c42
https://conda.anaconda.org/conda-forge/noarch/itsdangerous-2.2.0-pyhd8ed1ab_1.conda#7ac5f795c15f288984e32add616cdc59
https://conda.anaconda.org/conda-forge/linux-64/kiwisolver-1.5.0-py312h0a2e395_0.conda#cd74a9525dc74bbbf93cf8aa2fa9eb5b
https://conda.anaconda.org/conda-forge/linux-64/lcms2-2.19.1-h0c24ade_0.conda#f92f984b558e6e6204014b16d212b271
https://conda.anaconda.org/conda-forge/linux-64/libblas-3.11.0-7_h4a7cf45_openblas.conda#955b44e8b00b7f7ef4ce0130cef12394
https://conda.anaconda.org/conda-forge/linux-64/libboost-1.86.0-hed09d94_4.conda#b708abf3b6a0f3cf2f833d2edf18aff0
https://conda.anaconda.org/conda-forge/linux-64/libcurl-8.18.0-h4e3cde8_0.conda#0a5563efed19ca4461cf927419b6eb73
https://conda.anaconda.org/conda-forge/linux-64/markupsafe-3.0.3-py312h8a5da7c_1.conda#93a4752d42b12943a355b682ee43285b
https://conda.anaconda.org/conda-forge/noarch/mdurl-0.1.2-pyhd8ed1ab_1.conda#592132998493b3ff25fd7479396e8351
https://conda.anaconda.org/conda-forge/noarch/munkres-1.1.4-pyhd8ed1ab_1.conda#37293a85a0f4f77bbd9cf7aaefc62609
https://conda.anaconda.org/conda-forge/noarch/networkx-3.6.1-pyhcf101f3_0.conda#a2c1eeadae7a309daed9d62c96012a2b
https://conda.anaconda.org/conda-forge/linux-64/openjpeg-2.5.4-h55fea9a_0.conda#11b3379b191f63139e29c0d19dee24cd
https://conda.anaconda.org/conda-forge/noarch/packaging-26.2-pyhc364b38_0.conda#4c06a92e74452cfa53623a81592e8934
https://conda.anaconda.org/conda-forge/noarch/pluggy-1.6.0-pyhf9edf01_1.conda#d7585b6550ad04c8c5e21097ada2888e
https://conda.anaconda.org/conda-forge/linux-64/psutil-7.0.0-py312h4c3975b_1.conda#ebc6080d32b9608710a0d651e581d9f4
https://conda.anaconda.org/conda-forge/noarch/pygments-2.20.0-pyhd8ed1ab_0.conda#16c18772b340887160c79a6acc022db0
https://conda.anaconda.org/conda-forge/noarch/pyparsing-3.3.2-pyhcf101f3_0.conda#3687cc0b82a8b4c17e1f0eb7e47163d5
https://conda.anaconda.org/conda-forge/noarch/pysocks-1.7.1-pyha55dd90_7.conda#461219d1a5bd61342293efa2c0c90eac
https://conda.anaconda.org/conda-forge/noarch/python-dotenv-1.2.2-pyhcf101f3_0.conda#130584ad9f3a513cdd71b1fdc1244e9c
https://conda.anaconda.org/conda-forge/noarch/python-multipart-0.0.29-pyhcf101f3_0.conda#82d9e2a5de24392e4983601e81f8a8a1
https://conda.anaconda.org/conda-forge/linux-64/pyyaml-6.0.3-py312h8a5da7c_1.conda#15878599a87992e44c059731771591cb
https://conda.anaconda.org/conda-forge/noarch/setuptools-74.1.2-pyhd8ed1ab_0.conda#56c9c11d004428e81d02eeb730fc6336
https://conda.anaconda.org/conda-forge/noarch/shellingham-1.5.4-pyhd8ed1ab_2.conda#83ea3a2ddb7a75c1b09cea582aa4f106
https://conda.anaconda.org/conda-forge/noarch/six-1.17.0-pyhe01879c_1.conda#3339e3b65d58accf4ca4fb8748ab16b3
https://conda.anaconda.org/conda-forge/noarch/sniffio-1.3.1-pyhd8ed1ab_2.conda#03fe290994c5e4ec17293cfb6bdce520
https://conda.anaconda.org/conda-forge/noarch/threadpoolctl-3.6.0-pyhecae5ae_0.conda#9d64911b31d57ca443e9f1e36b04385f
https://conda.anaconda.org/conda-forge/noarch/toml-0.10.2-pyhcf101f3_3.conda#d0fc809fa4c4d85e959ce4ab6e1de800
https://conda.anaconda.org/conda-forge/noarch/tomli-2.4.1-pyhcf101f3_0.conda#b5325cf06a000c5b14970462ff5e4d58
https://conda.anaconda.org/conda-forge/noarch/typing_extensions-4.15.0-pyhcf101f3_0.conda#0caa1af407ecff61170c9437a808404d
https://conda.anaconda.org/conda-forge/linux-64/unicodedata2-17.0.1-py312h4c3975b_0.conda#0b6c506ec1f272b685240e70a29261b8
https://conda.anaconda.org/conda-forge/linux-64/uvloop-0.22.1-py312h4c3975b_1.conda#bdfc3f5345f9a16c63ba18e50c292e08
https://conda.anaconda.org/conda-forge/linux-64/websockets-16.0-py312h5253ce2_1.conda#e35ffb48178b20ee1a43fbe7abc93746
https://conda.anaconda.org/conda-forge/linux-64/xorg-libxext-1.3.7-hb03c661_0.conda#34e54f03dfea3e7a2dcf1453a85f1085
https://conda.anaconda.org/conda-forge/linux-64/xorg-libxrender-0.9.12-hb9d3cd8_0.conda#96d57aba173e878a2089d5638016dc5e
https://conda.anaconda.org/conda-forge/noarch/cached-property-1.5.2-hd8ed1ab_1.tar.bz2#9b347a7ec10940d3f7941ff6c460b551
https://conda.anaconda.org/conda-forge/linux-64/cairo-1.18.4-h3394656_0.conda#09262e66b19567aff4f592fb53b28760
https://conda.anaconda.org/conda-forge/noarch/conda-pack-0.8.1-pyhd8ed1ab_1.conda#9b66289a559bc3503075f3ea012fd243
https://conda.anaconda.org/conda-forge/linux-64/coverage-7.14.0-py312h8a5da7c_0.conda#c78de13127e71cb1e581f473ac76f360
https://conda.anaconda.org/conda-forge/noarch/dnspython-2.8.0-pyhcf101f3_0.conda#d73fdc05f10693b518f52c994d748c19
https://conda.anaconda.org/conda-forge/noarch/exceptiongroup-1.3.1-pyhd8ed1ab_0.conda#8e662bd460bda79b1ea39194e3c4c9ab
https://conda.anaconda.org/conda-forge/linux-64/fonttools-4.63.0-py312h8a5da7c_0.conda#294fb524171e2a2748cb7fe708aba826
https://conda.anaconda.org/conda-forge/noarch/freetype-py-2.3.0-pyhd8ed1ab_0.tar.bz2#e4a165cdbbaed5bbb6e653b823156151
https://conda.anaconda.org/conda-forge/linux-64/gunicorn-23.0.0-py312h7900ff3_3.conda#ef78867204b7023553d141b310197753
https://conda.anaconda.org/conda-forge/noarch/h11-0.16.0-pyhcf101f3_1.conda#b8993c19b0c32a2f7b66cbb58ca27069
https://conda.anaconda.org/conda-forge/noarch/h2-4.3.0-pyhcf101f3_0.conda#164fc43f0b53b6e3a7bc7dce5e4f1dc9
https://conda.anaconda.org/conda-forge/linux-64/hdf5-1.14.6-nompi_h19486de_106.conda#c223ee1429ba538f3e48cfb4a0b97357
https://conda.anaconda.org/conda-forge/noarch/jinja2-3.1.6-pyhcf101f3_1.conda#04558c96691bed63104678757beb4f8d
https://conda.anaconda.org/conda-forge/linux-64/libcblas-3.11.0-7_h0358290_openblas.conda#0675639dc24cb0032f199e7ff68e4633
https://conda.anaconda.org/conda-forge/linux-64/liblapack-3.11.0-7_h47877c9_openblas.conda#6569b4f273740e25dc0dc7e3232c2a6c
https://conda.anaconda.org/conda-forge/noarch/markdown-it-py-4.2.0-pyhd8ed1ab_0.conda#6d03368f2b2b0a5fb6839df53b2eb5e0
https://conda.anaconda.org/conda-forge/linux-64/openldap-2.6.10-he970967_0.conda#2e5bf4f1da39c0b32778561c3c4e5878
https://conda.anaconda.org/conda-forge/linux-64/pillow-12.2.0-py312h50c33e8_0.conda#9e5609720e31213d4f39afe377f6217e
https://conda.anaconda.org/conda-forge/noarch/python-dateutil-2.9.0.post0-pyhe01879c_2.conda#5b8d21249ff20967101ffa321cab24e8
https://conda.anaconda.org/conda-forge/noarch/typing-extensions-4.15.0-h396c80c_0.conda#edd329d7d3a4ab45dcf905899a7a6115
https://conda.anaconda.org/conda-forge/noarch/typing-inspection-0.4.2-pyhcf101f3_2.conda#53f5409c5cfd6c5a66417d68e3f0a864
https://conda.anaconda.org/conda-forge/noarch/werkzeug-3.1.8-pyhcf101f3_0.conda#3eeca039e7316268627f4116da9df64c
https://conda.anaconda.org/conda-forge/noarch/wheel-0.47.0-pyhd8ed1ab_0.conda#d0e3b2f0030cf4fca58bde71d246e94c
https://conda.anaconda.org/conda-forge/noarch/annotated-types-0.7.0-pyhd8ed1ab_1.conda#2934f256a8acfe48f6ebb4fce6cde29c
https://conda.anaconda.org/conda-forge/noarch/anyio-4.13.0-pyhcf101f3_0.conda#af2df4b9108808da3dc76710fe50eae2
https://conda.anaconda.org/conda-forge/noarch/email-validator-2.3.0-pyhd8ed1ab_0.conda#3bc0ac31178387e8ed34094d9481bfe8
https://conda.anaconda.org/conda-forge/noarch/flask-3.1.3-pyhcf101f3_1.conda#156398929bf849da6df8f89a2c390185
https://conda.anaconda.org/conda-forge/linux-64/libpq-18.1-h5c52fec_2.conda#a8ac9a6342569d1714ae1b53ae2fcadb
https://conda.anaconda.org/conda-forge/linux-64/librdkit-2025.03.6-h3c5c181_1.conda#706d8edb4e6fba11cc16ef6e2eb18dc5
https://conda.anaconda.org/conda-forge/linux-64/numpy-2.3.5-py312h33ff503_1.conda#03baecffb72fa96fe234fd505908065f
https://conda.anaconda.org/conda-forge/noarch/pip-26.1.1-pyh8b19718_0.conda#35870d32aed92041d31cbb15e822dca3
https://conda.anaconda.org/conda-forge/linux-64/pycairo-1.29.0-py312h2596900_1.conda#7766c2ad93e65415f4289de684261550
https://conda.anaconda.org/conda-forge/linux-64/pydantic-core-2.33.2-py312h680f630_0.conda#cfbd96e5a0182dfb4110fc42dda63e57
https://conda.anaconda.org/conda-forge/noarch/pytest-8.4.2-pyhcf101f3_1.conda#da0c42269086f5170e2b296878ec13a6
https://conda.anaconda.org/conda-forge/noarch/rich-15.0.0-pyhcf101f3_0.conda#0242025a3c804966bf71aa04eee82f66
https://conda.anaconda.org/conda-forge/linux-64/sqlalchemy-2.0.50-py312h5253ce2_0.conda#312796c3e1d17cfc5e720267efbdcf58
https://conda.anaconda.org/conda-forge/noarch/urllib3-2.7.0-pyhd8ed1ab_0.conda#cbb88288f74dbe6ada1c6c7d0a97223e
https://conda.anaconda.org/conda-forge/noarch/uvicorn-0.47.0-pyhc90fa1f_0.conda#b36eb3071fdf2bedb0ff1bf8386aeb46
https://conda.anaconda.org/conda-forge/noarch/wsproto-1.3.2-pyhd8ed1ab_0.conda#37296f462da2870694aff84a01625ba5
https://conda.anaconda.org/conda-forge/linux-64/contourpy-1.3.3-py312h0a2e395_4.conda#43c2bc96af3ae5ed9e8a10ded942aa50
https://conda.anaconda.org/conda-forge/noarch/email_validator-2.3.0-hd8ed1ab_0.conda#2452e434747a6b742adc5045f2182a8e
https://conda.anaconda.org/conda-forge/linux-64/h5py-3.16.0-nompi_py312ha4f8f14_102.conda#b270340809d19ae40ff9913f277b803a
https://conda.anaconda.org/conda-forge/noarch/httpcore-1.0.9-pyh29332c3_0.conda#4f14640d58e2cc0aa0819d9d8ba125bb
https://conda.anaconda.org/conda-forge/linux-64/libboost-python-1.86.0-py312hf890105_5.conda#1630127107ab1cfb9ca9468f9318fa29
https://conda.anaconda.org/conda-forge/linux-64/pandas-3.0.3-py312h8ecdadd_0.conda#15c437bfa4cbddd379b95357c9aa4150
https://conda.anaconda.org/conda-forge/noarch/pydantic-2.11.7-pyh3cfb1c2_0.conda#1b337e3d378cde62889bb735c024b7a2
https://conda.anaconda.org/conda-forge/noarch/pytest-cov-6.0.0-pyhd8ed1ab_1.conda#79963c319d1be62c8fd3e34555816e01
https://conda.anaconda.org/conda-forge/noarch/pytest-mock-3.14.0-pyhd8ed1ab_1.conda#1ca25f3fdf32ebd8a51ee9efa97c9a45
https://conda.anaconda.org/conda-forge/noarch/requests-2.32.5-pyhcf101f3_1.conda#c65df89a0b2e321045a9e01d1337b182
https://conda.anaconda.org/conda-forge/noarch/rich-toolkit-0.19.10-pyhcf101f3_0.conda#fd9ec071b2bae8eb470220b00d33b276
https://conda.anaconda.org/conda-forge/noarch/rlpycairo-0.4.0-pyh6c17108_0.conda#cc70086eaf08be7f62fd44842c013916
https://conda.anaconda.org/conda-forge/linux-64/scipy-1.17.1-py312h54fa4ab_0.conda#3e38daeb1fb05a95656ff5af089d2e4c
https://conda.anaconda.org/conda-forge/noarch/simple-websocket-1.1.0-pyhd8ed1ab_0.conda#62e0b21f75a81735ddc72e6019d27c16
https://conda.anaconda.org/conda-forge/noarch/starlette-1.0.1-pyhcf101f3_0.conda#635faa8ce3a592deb2a12d71e891f697
https://conda.anaconda.org/conda-forge/noarch/typer-0.25.1-pyhcf101f3_0.conda#ef114c2eb2ff19f6bf616c81f4710841
https://conda.anaconda.org/conda-forge/linux-64/watchfiles-1.2.0-py312h0ccc70a_0.conda#331d2437900a5e2d54641308d3445236
https://conda.anaconda.org/conda-forge/linux-64/xcfun-2.1.1-hab2d229_8.conda#2f29068cfe1359236295c5eacaffd6bf
https://conda.anaconda.org/conda-forge/noarch/fastapi-core-0.136.1-pyhcf101f3_0.conda#c5bdeaf4ffe949c341a82befffd9fa75
https://conda.anaconda.org/conda-forge/noarch/geometric-1.1-pyhd8ed1ab_1.conda#6cc2168965a7f8d18e79979ab6902dfc
https://conda.anaconda.org/conda-forge/noarch/httpx-0.28.1-pyhd8ed1ab_0.conda#d6989ead454181f4f9bc987d3dc4e285
https://conda.anaconda.org/conda-forge/linux-64/matplotlib-base-3.10.9-py312he3d6523_0.conda#7d499b5b6d150f133800dc3a582771c7
https://conda.anaconda.org/conda-forge/noarch/pydantic-extra-types-2.11.2-pyhcf101f3_0.conda#f9acfec2bcfcf6f43594674389da835e
https://conda.anaconda.org/conda-forge/noarch/pydantic-settings-2.14.1-pyhcf101f3_0.conda#3b05fc4bb3e31efd3498136b3221c18f
https://conda.anaconda.org/conda-forge/linux-64/pyscf-2.10.0-py312hd745d54_1.conda#840fdc171af0a195bec434d846e5e662
https://conda.anaconda.org/conda-forge/noarch/python-engineio-4.13.2-pyhcf101f3_0.conda#f0fbb33f5388f3ccc0f2fca78e6a5b72
https://conda.anaconda.org/conda-forge/noarch/reportlab-4.5.1-pyhc364b38_0.conda#bcdf1e7f9929961dade936d2c5520ee9
https://conda.anaconda.org/conda-forge/noarch/uvicorn-standard-0.47.0-h4ccdfe0_0.conda#d691286fa2be1f15fa90fe369438bdf6
https://conda.anaconda.org/conda-forge/noarch/ase-3.26.0-pyhd8ed1ab_0.conda#628fc4a96f13c1e53521ab6a60a73828
https://conda.anaconda.org/conda-forge/noarch/fastapi-cli-0.0.23-pyhcf101f3_0.conda#442ec6511754418c87a84bc1dc0c5384
https://conda.anaconda.org/conda-forge/noarch/python-socketio-5.16.1-pyhcf101f3_0.conda#71a376ace77669b9d1e4411d35d4b30d
https://conda.anaconda.org/conda-forge/linux-64/rdkit-2025.03.6-py312h3ecb6ed_1.conda#81903875bc4880b9ce96a56efaf30d22
https://conda.anaconda.org/conda-forge/noarch/fastapi-0.136.1-h9093a4d_0.conda#4de4a392af60d8d9db2352a7fc8cd5f9
# pip argcomplete @ https://files.pythonhosted.org/packages/74/f5/9373290775639cb67a2fce7f629a1c240dce9f12fe927bc32b2736e16dfc/argcomplete-3.6.3-py3-none-any.whl#sha256=f5007b3a600ccac5d25bbce33089211dfd49eab4a7718da3f10e3082525a92ce
# pip genson @ https://files.pythonhosted.org/packages/f8/5c/e226de133afd8bb267ec27eead9ae3d784b95b39a287ed404caab39a5f50/genson-1.3.0-py3-none-any.whl#sha256=468feccd00274cc7e4c09e84b08704270ba8d95232aa280f65b986139cec67f7
# pip isort @ https://files.pythonhosted.org/packages/7f/cc/9b681a170efab4868a032631dea1e8446d8ec718a7f657b94d49d1a12643/isort-6.1.0-py3-none-any.whl#sha256=58d8927ecce74e5087aef019f778d4081a3b6c98f15a80ba35782ca8a2097784
# pip more-itertools @ https://files.pythonhosted.org/packages/e8/3d/1087453384dbde46a8c7f9356eead2c58be8a7bf156bca40243377c85715/more_itertools-11.1.0-py3-none-any.whl#sha256=4b65538ae22f6fed0ce4874efd317463a7489796a0939fa66824dd542125a192
# pip mypy-extensions @ https://files.pythonhosted.org/packages/79/7b/2c79738432f5c924bef5071f933bcc9efd0473bac3b4aa584a6f7c1c8df8/mypy_extensions-1.1.0-py3-none-any.whl#sha256=1be4cccdb0f2482337c4743e60421de3a356cd97508abadd57d47403e94f5505
# pip pathspec @ https://files.pythonhosted.org/packages/f1/d9/7fb5aa316bc299258e68c73ba3bddbc499654a07f151cba08f6153988714/pathspec-1.1.1-py3-none-any.whl#sha256=a00ce642f577bf7f473932318056212bc4f8bfdf53128c78bbd5af0b9b20b189
# pip platformdirs @ https://files.pythonhosted.org/packages/75/a6/a0a304dc33b49145b21f4808d763822111e67d1c3a32b524a1baf947b6e1/platformdirs-4.9.6-py3-none-any.whl#sha256=e61adb1d5e5cb3441b4b7710bea7e4c12250ca49439228cc1021c00dcfac0917
# pip protobuf @ https://files.pythonhosted.org/packages/e3/dd/cadd6ec43069247d91f6345fa7a0d2858bef6af366dbd7ba8f05d2c77d3b/protobuf-5.29.6-cp38-abi3-manylinux2014_x86_64.whl#sha256=e3387f44798ac1106af0233c04fb8abf543772ff241169946f698b3a9a3d3ab9
# pip pyasn1 @ https://files.pythonhosted.org/packages/5d/a0/7d793dce3fa811fe047d6ae2431c672364b462850c6235ae306c0efd025f/pyasn1-0.6.3-py3-none-any.whl#sha256=a80184d120f0864a52a073acc6fc642847d0be408e7c7252f31390c0f4eadcde
# pip pycparser @ https://files.pythonhosted.org/packages/0c/c3/44f3fbbfa403ea2a7c779186dc20772604442dde72947e7d01069cbe98e3/pycparser-3.0-py3-none-any.whl#sha256=b727414169a36b7d524c1c3e31839a521725078d7b2ff038656844266160a992
# pip pytokens @ https://files.pythonhosted.org/packages/bf/3c/2d5297d82286f6f3d92770289fd439956b201c0a4fc7e72efb9b2293758e/pytokens-0.4.1-cp312-cp312-manylinux2014_x86_64.manylinux_2_17_x86_64.manylinux_2_28_x86_64.whl#sha256=24afde1f53d95348b5a0eb19488661147285ca4dd7ed752bbc3e1c6242a304d1
# pip pyyaml @ https://files.pythonhosted.org/packages/b4/33/720548182ffa8344418126017aa1d4ab4aeec9a2275f04ce3f3573d8ace8/PyYAML-6.0.1-cp312-cp312-manylinux_2_17_x86_64.manylinux2014_x86_64.whl#sha256=6c22bec3fbe2524cde73d7ada88f6566758a8f7227bfbf93a408a9d86bcc12a0
# pip tqdm @ https://files.pythonhosted.org/packages/16/e1/3079a9ff9b8e11b846c6ac5c8b5bfb7ff225eee721825310c91b3b50304f/tqdm-4.67.3-py3-none-any.whl#sha256=ee1e4c0e59148062281c49d80b25b67771a127c85fc9676d3be5f243206826bf
# pip uritemplate @ https://files.pythonhosted.org/packages/a9/99/3ae339466c9183ea5b8ae87b34c0b897eda475d2aec2307cae60e5cd4f29/uritemplate-4.2.0-py3-none-any.whl#sha256=962201ba1c4edcab02e60f9a0d3821e82dfc5d2d6662a21abd533879bdb8a686
# pip watchdog @ https://files.pythonhosted.org/packages/b5/e8/dbf020b4d98251a9860752a094d09a65e1b436ad181faf929983f697048f/watchdog-6.0.0-py3-none-manylinux2014_x86_64.whl#sha256=20ffe5b202af80ab4266dcd3e91aae72bf2da48c0d33bdb15c66658e685e94e2
# pip black @ https://files.pythonhosted.org/packages/1f/0e/36044316b65ca471d3bb6d3703fd06fb50c6b727c3562f6a5a3153634f88/black-26.5.1-cp312-cp312-manylinux2014_x86_64.manylinux_2_17_x86_64.manylinux_2_28_x86_64.whl#sha256=9d98d4137277c75dfb898ec8d846c4fd68ba1e9cf77f95e2865c203dc18f4c3d
# pip cffi @ https://files.pythonhosted.org/packages/78/2d/7fa73dfa841b5ac06c7b8855cfc18622132e365f5b81d02230333ff26e9e/cffi-2.0.0-cp312-cp312-manylinux2014_x86_64.manylinux_2_17_x86_64.whl#sha256=3e17ed538242334bf70832644a32a7aae3d83b57567f9fd60a26257e992b79ba
# pip googleapis-common-protos @ https://files.pythonhosted.org/packages/e7/c8/e2645aa8ed02fd4c7a2f59d68783b65b1f3cbdfe39a6308e156509d1fee8/googleapis_common_protos-1.75.0-py3-none-any.whl#sha256=961ed60399c457ceb0ee8f285a84c870aabc9c6a832b9d37bb281b5bebde43ed
# pip grpcio @ https://files.pythonhosted.org/packages/db/f0/a3deb5feba60d9538a962913e37bd2e69a195f1c3376a3dd44fe0427e996/grpcio-1.80.0-cp312-cp312-manylinux2014_x86_64.manylinux_2_17_x86_64.whl#sha256=4e78c4ac0d97dc2e569b2f4bcbbb447491167cb358d1a389fc4af71ab6f70411
# pip httplib2 @ https://files.pythonhosted.org/packages/2f/90/fd509079dfcab01102c0fdd87f3a9506894bc70afcf9e9785ef6b2b3aff6/httplib2-0.31.2-py3-none-any.whl#sha256=dbf0c2fa3862acf3c55c078ea9c0bc4481d7dc5117cae71be9514912cf9f8349
# pip proto-plus @ https://files.pythonhosted.org/packages/7c/20/b122d4626976acb81132036d2ad1bb35a1a8775fceb837ec30964622516a/proto_plus-1.28.0-py3-none-any.whl#sha256=a630604310899e73c59ec302e5765c058d412b2f090b9c79c8822589f14955b8
# pip pyasn1-modules @ https://files.pythonhosted.org/packages/47/8d/d529b5d697919ba8c11ad626e835d4039be708a35b0d22de83a269a6682c/pyasn1_modules-0.4.2-py3-none-any.whl#sha256=29253a9207ce32b64c3ac6600edc75368f98473906e8fd1043bd6b5b1de2c14a
# pip pyscf-properties @ git+https://github.com/pyscf/properties@4eee5a430fb47eca5962f36fdcaf75c2b87e7ede
# pip typeguard @ https://files.pythonhosted.org/packages/5b/29/74eeb4d3f3ae61ca096b018ad486b3b3c74b17bec09ab4edab721cbefec3/typeguard-4.5.2-py3-none-any.whl#sha256=fcf9de18bd945cdb4c7b996e12b4c51ce83f92f191314a6d7cf1739586ec98cf
# pip cryptography @ https://files.pythonhosted.org/packages/95/38/0d29a6fd7d0d1373f0c0c88a04ba20e359b257753ac497564cd660fc1d55/cryptography-48.0.0-cp311-abi3-manylinux_2_28_x86_64.whl#sha256=a0e692c683f4df67815a2d258b324e66f4738bd7a96a218c826dce4f4bd05d8f
# pip grpcio-status @ https://files.pythonhosted.org/packages/67/58/317b0134129b556a93a3b0afe00ee675b5657f0155509e22fcb853bafe2d/grpcio_status-1.71.2-py3-none-any.whl#sha256=803c98cb6a8b7dc6dbb785b1111aed739f241ab5e9da0bba96888aa74704cfd3
# pip inflect @ https://files.pythonhosted.org/packages/8a/eb/427ed2b20a38a4ee29f24dbe4ae2dafab198674fe9a85e3d6adf9e5f5f41/inflect-7.5.0-py3-none-any.whl#sha256=2aea70e5e70c35d8350b8097396ec155ffd68def678c7ff97f51aa69c1d92344
# pip datamodel-code-generator @ https://files.pythonhosted.org/packages/3b/d0/acd7a19dad4dc4118d2b6ba06df9a4a3725729e91fa3f2c63a765d4e7d44/datamodel_code_generator-0.33.0-py3-none-any.whl#sha256=e229264aa612b2d5bb4901bcd6c520a799ae0d5c19262577a0f876eb48afaaa3
# pip google-auth @ https://files.pythonhosted.org/packages/4a/c9/db44165ba7c581268c6d46017ef63339110378305062830104fc7fa144cb/google_auth-2.53.0-py3-none-any.whl#sha256=6e7449917c599b35126a99ec268ec6880301f2fea41dce198fe8fd83ff642b68
# pip google-api-core @ https://files.pythonhosted.org/packages/03/15/e56f351cf6ef1cfea58e6ac226a7318ed1deb2218c4b3cc9bd9e4b786c5a/google_api_core-2.30.3-py3-none-any.whl#sha256=a85761ba72c444dad5d611c2220633480b2b6be2521eca69cca2dbb3ffd6bfe8
# pip google-auth-httplib2 @ https://files.pythonhosted.org/packages/97/be/954c35a62b9e31de66b0a43c225c9b6bb9e0f98d6b1dc110a2308e3644f5/google_auth_httplib2-0.4.0-py3-none-any.whl#sha256=8e55cfafa3358cba85f6cad4a886138e88e158d71e7e5c9ee5936a5c1507fb91
# pip google-ai-generativelanguage @ https://files.pythonhosted.org/packages/7c/a3/67b8a6ff5001a1d8864922f2d6488dc2a14367ceb651bc3f09a947f2f306/google_ai_generativelanguage-0.6.15-py3-none-any.whl#sha256=5a03ef86377aa184ffef3662ca28f19eeee158733e45d7947982eb953c6ebb6c
# pip google-api-python-client @ https://files.pythonhosted.org/packages/99/c7/1817b4edf966d5afcac1c0781ca36d621bc0cb58104c4e7c2a475ab185f7/google_api_python_client-2.196.0-py3-none-any.whl#sha256=2591e9b47dcb17e4e62a09370aaee3bcf323af8f28ccecdabcd0a42a23ca4db5
# pip google-generativeai @ https://files.pythonhosted.org/packages/97/0f/ef33b5bb71437966590c6297104c81051feae95d54b11ece08533ef937d3/google_generativeai-0.8.6-py3-none-any.whl#sha256=37a0eaaa95e5bbf888828e20a4a1b2c196cc9527d194706e58a68ff388aeb0fa
