# Generated by conda-lock.
# platform: osx-arm64
# input_hash: 5c47f7ddfd0aa3e00d14555b3226c8b2ded1b95f7f2834daecadc21e10494fb3
@EXPLICIT
https://conda.anaconda.org/conda-forge/noarch/font-ttf-dejavu-sans-mono-2.37-hab24e00_0.tar.bz2#0c96522c6bdaed4b1566d11387caaf45
https://conda.anaconda.org/conda-forge/noarch/font-ttf-inconsolata-3.000-h77eed37_0.tar.bz2#34893075a5c9e55cdafac56607368fc6
https://conda.anaconda.org/conda-forge/noarch/font-ttf-source-code-pro-2.038-h77eed37_0.tar.bz2#4d59c254e01d9cde7957100457e2d5fb
https://conda.anaconda.org/conda-forge/noarch/font-ttf-ubuntu-0.83-h77eed37_3.conda#49023d73832ef61042f6a237cb2687e7
https://conda.anaconda.org/conda-forge/osx-arm64/libev-4.33-h93a5062_2.conda#36d33e440c31857372a72137f78bacf5
https://conda.anaconda.org/conda-forge/noarch/pybind11-abi-4-hd8ed1ab_3.tar.bz2#878f923dd6acc8aeb47a75da6c4098be
https://conda.anaconda.org/conda-forge/noarch/python_abi-3.12-8_cp312.conda#c3efd25ac4d74b1584d2f7a57195ddf1
https://conda.anaconda.org/conda-forge/noarch/tzdata-2025c-hc9c84f9_1.conda#ad659d0a2b3e47e38d829aa8cad2d610
https://conda.anaconda.org/conda-forge/osx-arm64/bzip2-1.0.8-hd037594_9.conda#620b85a3f45526a8bc4d23fd78fc22f0
https://conda.anaconda.org/conda-forge/osx-arm64/c-ares-1.34.6-hc919400_0.conda#bcb3cba70cf1eec964a03b4ba7775f01
https://conda.anaconda.org/conda-forge/noarch/ca-certificates-2026.5.20-hbd8a1cb_0.conda#489b8e97e666c93f68fdb35c3c9b957f
https://conda.anaconda.org/conda-forge/noarch/fonts-conda-forge-1-hc364b38_1.conda#a7970cd949a077b7cb9696379d338681
https://conda.anaconda.org/conda-forge/osx-arm64/icu-75.1-hfee45f7_0.conda#5eb22c1d7b3fc4abb50d92d621583137
https://conda.anaconda.org/conda-forge/osx-arm64/libbrotlicommon-1.2.0-hc919400_1.conda#006e7ddd8a110771134fcc4e1e3a6ffa
https://conda.anaconda.org/conda-forge/osx-arm64/libcint-6.1.3-h8930267_0.conda#ff96abb1cd471cefe84649615c31e58c
https://conda.anaconda.org/conda-forge/osx-arm64/libcxx-22.1.6-h55c6f16_0.conda#589cc6f6222fdc0eaf8e90bc38fcce7b
https://conda.anaconda.org/conda-forge/osx-arm64/libdeflate-1.25-hc11a715_0.conda#a6130c709305cd9828b4e1bd9ba0000c
https://conda.anaconda.org/conda-forge/osx-arm64/libexpat-2.8.1-hf6b4638_0.conda#ef22e9ab1dc7c2f334252f565f90b3b8
https://conda.anaconda.org/conda-forge/osx-arm64/libffi-3.4.6-h1da3d7d_1.conda#c215a60c2935b517dcda8cad4705734d
https://conda.anaconda.org/conda-forge/osx-arm64/libiconv-1.18-h23cfdf5_2.conda#4d5a7445f0b25b6a3ddbb56e790f5251
https://conda.anaconda.org/conda-forge/osx-arm64/libjpeg-turbo-3.1.4.1-h84a0fba_0.conda#b8a7544c83a67258b0e8592ec6a5d322
https://conda.anaconda.org/conda-forge/osx-arm64/liblzma-5.8.3-h8088a28_0.conda#b1fd823b5ae54fbec272cea0811bd8a9
https://conda.anaconda.org/conda-forge/osx-arm64/libntlm-1.8-h5505292_0.conda#c90c1d3bd778f5ec0d4bb4ef36cbd5b6
https://conda.anaconda.org/conda-forge/osx-arm64/libuv-1.52.1-h1a92334_0.conda#fa9fef7d9f33724b7c3899c883c25a3e
https://conda.anaconda.org/conda-forge/osx-arm64/libwebp-base-1.6.0-h07db88b_0.conda#e5e7d467f80da752be17796b87fe6385
https://conda.anaconda.org/conda-forge/osx-arm64/libxc-c-7.0.0-cpu_h7ee64da_6.conda#7556735c417a3cd856ea7c252eed15a7
https://conda.anaconda.org/conda-forge/osx-arm64/libzlib-1.3.2-h8088a28_2.conda#bc5a5721b6439f2f62a84f2548136082
https://conda.anaconda.org/conda-forge/osx-arm64/llvm-openmp-22.1.6-hc7d1edf_0.conda#b8cf70b77b2ed10d5f82e367c327b76b
https://conda.anaconda.org/conda-forge/osx-arm64/ncurses-6.6-h1d4f5a5_0.conda#343d10ed5b44030a2f67193905aea159
https://conda.anaconda.org/conda-forge/osx-arm64/pthread-stubs-0.4-hd74edd7_1002.conda#415816daf82e0b23a736a069a75e9da7
https://conda.anaconda.org/conda-forge/osx-arm64/xorg-libxau-1.0.12-hc919400_1.conda#78b548eed8227a689f93775d5d23ae09
https://conda.anaconda.org/conda-forge/osx-arm64/xorg-libxdmcp-1.1.5-hc919400_1.conda#9d1299ace1924aa8f4e0bc8e71dd0cf7
https://conda.anaconda.org/conda-forge/osx-arm64/yaml-0.2.5-h925e9cb_3.conda#78a0fe9e9c50d2c381e8ee47e3ea437d
https://conda.anaconda.org/conda-forge/osx-arm64/_openmp_mutex-4.5-7_kmp_llvm.conda#a44032f282e7d2acdeb1c240308052dd
https://conda.anaconda.org/conda-forge/noarch/fonts-conda-ecosystem-1-0.tar.bz2#fee5683a3f04bd15cbd8318b096a27ab
https://conda.anaconda.org/conda-forge/osx-arm64/lerc-4.1.0-h1eee2c3_0.conda#095e5749868adab9cae42d4b460e5443
https://conda.anaconda.org/conda-forge/osx-arm64/libaec-1.1.5-h8664d51_0.conda#13e6d9ae0efbc9d2e9a01a91f4372b41
https://conda.anaconda.org/conda-forge/osx-arm64/libbrotlidec-1.2.0-hc919400_1.conda#079e88933963f3f149054eec2c487bc2
https://conda.anaconda.org/conda-forge/osx-arm64/libbrotlienc-1.2.0-hc919400_1.conda#b2b7c8288ca1a2d71ff97a8e6a1e8883
https://conda.anaconda.org/conda-forge/osx-arm64/libedit-3.1.20250104-pl5321hafb1f1b_0.conda#44083d2d2c2025afca315c7a172eab2b
https://conda.anaconda.org/conda-forge/osx-arm64/libintl-0.25.1-h493aca8_0.conda#5103f6a6b210a3912faf8d7db516918c
https://conda.anaconda.org/conda-forge/osx-arm64/libpng-1.6.58-h132b30e_0.conda#2259ae0949dbe20c0665850365109b27
https://conda.anaconda.org/conda-forge/osx-arm64/libsqlite-3.53.1-h1b79a29_0.conda#6681822ea9d362953206352371b6a904
https://conda.anaconda.org/conda-forge/osx-arm64/libxcb-1.17.0-hdb1d25a_0.conda#af523aae2eca6dfa1c8eec693f5b9a79
https://conda.anaconda.org/conda-forge/osx-arm64/openssl-3.6.2-hd24854e_0.conda#25dcccd4f80f1638428613e0d7c9b4e1
https://conda.anaconda.org/conda-forge/osx-arm64/pcre2-10.46-h7125dd6_0.conda#0e6e82c3cc3835f4692022e9b9cd5df8
https://conda.anaconda.org/conda-forge/osx-arm64/pixman-0.46.4-h81086ad_1.conda#17c3d745db6ea72ae2fce17e7338547f
https://conda.anaconda.org/conda-forge/osx-arm64/qhull-2020.2-h420ef59_5.conda#6483b1f59526e05d7d894e466b5b6924
https://conda.anaconda.org/conda-forge/osx-arm64/readline-8.3-h46df422_0.conda#f8381319127120ce51e081dce4865cf4
https://conda.anaconda.org/conda-forge/osx-arm64/tk-8.6.13-h010d191_3.conda#a9d86bc62f39b94c4661716624eb21b0
https://conda.anaconda.org/conda-forge/osx-arm64/zlib-ng-2.3.3-hed4e4f5_1.conda#d99c2a23a31b0172e90f456f580b695e
https://conda.anaconda.org/conda-forge/osx-arm64/zstd-1.5.7-hbf9d68e_6.conda#ab136e4c34e97f34fb621d2592a393d8
https://conda.anaconda.org/conda-forge/osx-arm64/brotli-bin-1.2.0-hc919400_1.conda#377d015c103ad7f3371be1777f8b584c
https://conda.anaconda.org/conda-forge/osx-arm64/krb5-1.21.3-h237132a_0.conda#c6dc8a0fdec13a0565936655c33069a1
https://conda.anaconda.org/conda-forge/osx-arm64/libboost-1.86.0-hf493ff8_4.conda#abb88838f1ba4f91f588f8eb47bc0549
https://conda.anaconda.org/conda-forge/osx-arm64/libfreetype6-2.14.3-hdfa99f5_0.conda#e98ba7b5f09a5f450eca083d5a1c4649
https://conda.anaconda.org/conda-forge/osx-arm64/libgcc-15.2.0-hcbb3090_19.conda#644058123986582db33aebd4ae2ca184
https://conda.anaconda.org/conda-forge/osx-arm64/libglib-2.86.0-h1bb475b_0.conda#9e065148e6013b7d7cae64ed01ab7081
https://conda.anaconda.org/conda-forge/osx-arm64/libnghttp2-1.68.1-h8f3e76b_0.conda#6ea18834adbc3b33df9bd9fb45eaf95b
https://conda.anaconda.org/conda-forge/osx-arm64/libssh2-1.11.1-h1590b86_0.conda#b68e8f66b94b44aaa8de4583d3d4cc40
https://conda.anaconda.org/conda-forge/osx-arm64/libtiff-4.7.1-h4030677_1.conda#e2a72ab2fa54ecb6abab2b26cde93500
https://conda.anaconda.org/conda-forge/osx-arm64/python-3.12.11-hc22306f_0_cpython.conda#9207ebad7cfbe2a4af0702c92fd031c4
https://conda.anaconda.org/conda-forge/noarch/annotated-doc-0.0.4-pyhcf101f3_0.conda#52be5139047efadaeeb19c6a5103f92a
https://conda.anaconda.org/conda-forge/osx-arm64/backports.zstd-1.5.0-py312h87c4bb7_0.conda#6ec306e02579965dc9c01092a5f4ce4c
https://conda.anaconda.org/conda-forge/noarch/blinker-1.9.0-pyhff2d567_0.conda#42834439227a4551b939beeeb8a4b085
https://conda.anaconda.org/conda-forge/osx-arm64/brotli-1.2.0-h7d5ae5b_1.conda#48ece20aa479be6ac9a284772827d00c
https://conda.anaconda.org/conda-forge/osx-arm64/brotli-python-1.2.0-py312h0dfefe5_1.conda#311fcf3f6a8c4eb70f912798035edd35
https://conda.anaconda.org/conda-forge/noarch/cached_property-1.5.2-pyha770c72_1.tar.bz2#576d629e47797577ab0f1b351297ef4a
https://conda.anaconda.org/conda-forge/noarch/certifi-2026.5.20-pyhd8ed1ab_0.conda#9fefff2f745ea1cc2ef15211a20c054a
https://conda.anaconda.org/conda-forge/noarch/charset-normalizer-3.4.7-pyhd8ed1ab_0.conda#a9167b9571f3baa9d448faa2139d1089
https://conda.anaconda.org/conda-forge/noarch/click-8.4.0-pyhc90fa1f_0.conda#003767c47f1f0a474c4de268b57839c3
https://conda.anaconda.org/conda-forge/noarch/colorama-0.4.6-pyhd8ed1ab_1.conda#962b9857ee8e7018c22f2776ffa0b2d7
https://conda.anaconda.org/conda-forge/noarch/cycler-0.12.1-pyhcf101f3_2.conda#4c2a8fef270f6c69591889b93f9f55c1
https://conda.anaconda.org/conda-forge/osx-arm64/cyrus-sasl-2.1.28-ha1cbb27_0.conda#2867ea6551e97e53a81787fd967162b1
https://conda.anaconda.org/conda-forge/osx-arm64/fastar-0.11.0-py312headc6f5_0.conda#cf115f2e8623598db6f502659214d30f
https://conda.anaconda.org/conda-forge/osx-arm64/greenlet-3.5.1-py312h6510ced_0.conda#bd46cb7969581b244df620180a8f9814
https://conda.anaconda.org/conda-forge/noarch/hpack-4.1.0-pyhd8ed1ab_0.conda#0a802cb9888dd14eeefc611f05c40b6e
https://conda.anaconda.org/conda-forge/osx-arm64/httptools-0.8.0-py312h2bbb03f_0.conda#6059c5018f728489df82e9f5647eb4d0
https://conda.anaconda.org/conda-forge/noarch/hyperframe-6.1.0-pyhd8ed1ab_0.conda#8e6923fc12f1fe8f8c4e5c9f343256ac
https://conda.anaconda.org/conda-forge/noarch/idna-3.15-pyhcf101f3_0.conda#1b9083b7f00609605d1483dbc6071a81
https://conda.anaconda.org/conda-forge/noarch/iniconfig-2.3.0-pyhd8ed1ab_0.conda#9614359868482abba1bd15ce465e3c42
https://conda.anaconda.org/conda-forge/noarch/itsdangerous-2.2.0-pyhd8ed1ab_1.conda#7ac5f795c15f288984e32add616cdc59
https://conda.anaconda.org/conda-forge/osx-arm64/kiwisolver-1.5.0-py312h3093aea_0.conda#58261af35f0d33fd28e2257b208a1be0
https://conda.anaconda.org/conda-forge/osx-arm64/lcms2-2.19.1-hdfa7624_0.conda#e5ba982008c0ac1a1c0154617371bab5
https://conda.anaconda.org/conda-forge/osx-arm64/libcurl-8.18.0-he38603e_0.conda#36190179a799f3aee3c2d20a8a2b970d
https://conda.anaconda.org/conda-forge/osx-arm64/libfreetype-2.14.3-hce30654_0.conda#f73b109d49568d5d1dda43bb147ae37f
https://conda.anaconda.org/conda-forge/osx-arm64/libgfortran5-15.2.0-hdae7583_19.conda#ba36d8c606a6a53fe0b8c12d47267b3d
https://conda.anaconda.org/conda-forge/osx-arm64/markupsafe-3.0.3-py312h04c11ed_1.conda#11d95ab83ef0a82cc2de12c1e0b47fe4
https://conda.anaconda.org/conda-forge/noarch/mdurl-0.1.2-pyhd8ed1ab_1.conda#592132998493b3ff25fd7479396e8351
https://conda.anaconda.org/conda-forge/noarch/munkres-1.1.4-pyhd8ed1ab_1.conda#37293a85a0f4f77bbd9cf7aaefc62609
https://conda.anaconda.org/conda-forge/noarch/networkx-3.6.1-pyhcf101f3_0.conda#a2c1eeadae7a309daed9d62c96012a2b
https://conda.anaconda.org/conda-forge/osx-arm64/openjpeg-2.5.4-hd9e9057_0.conda#4b5d3a91320976eec71678fad1e3569b
https://conda.anaconda.org/conda-forge/noarch/packaging-26.2-pyhc364b38_0.conda#4c06a92e74452cfa53623a81592e8934
https://conda.anaconda.org/conda-forge/noarch/pluggy-1.6.0-pyhf9edf01_1.conda#d7585b6550ad04c8c5e21097ada2888e
https://conda.anaconda.org/conda-forge/osx-arm64/psutil-7.0.0-py312h163523d_1.conda#2d2326a0b582b1b56252a479f204fab1
https://conda.anaconda.org/conda-forge/noarch/pygments-2.20.0-pyhd8ed1ab_0.conda#16c18772b340887160c79a6acc022db0
https://conda.anaconda.org/conda-forge/noarch/pyparsing-3.3.2-pyhcf101f3_0.conda#3687cc0b82a8b4c17e1f0eb7e47163d5
https://conda.anaconda.org/conda-forge/noarch/pysocks-1.7.1-pyha55dd90_7.conda#461219d1a5bd61342293efa2c0c90eac
https://conda.anaconda.org/conda-forge/noarch/python-dotenv-1.2.2-pyhcf101f3_0.conda#130584ad9f3a513cdd71b1fdc1244e9c
https://conda.anaconda.org/conda-forge/noarch/python-multipart-0.0.29-pyhcf101f3_0.conda#82d9e2a5de24392e4983601e81f8a8a1
https://conda.anaconda.org/conda-forge/osx-arm64/pyyaml-6.0.3-py312h04c11ed_1.conda#95a5f0831b5e0b1075bbd80fcffc52ac
https://conda.anaconda.org/conda-forge/noarch/setuptools-74.1.2-pyhd8ed1ab_0.conda#56c9c11d004428e81d02eeb730fc6336
https://conda.anaconda.org/conda-forge/noarch/shellingham-1.5.4-pyhd8ed1ab_2.conda#83ea3a2ddb7a75c1b09cea582aa4f106
https://conda.anaconda.org/conda-forge/noarch/six-1.17.0-pyhe01879c_1.conda#3339e3b65d58accf4ca4fb8748ab16b3
https://conda.anaconda.org/conda-forge/noarch/sniffio-1.3.1-pyhd8ed1ab_2.conda#03fe290994c5e4ec17293cfb6bdce520
https://conda.anaconda.org/conda-forge/noarch/threadpoolctl-3.6.0-pyhecae5ae_0.conda#9d64911b31d57ca443e9f1e36b04385f
https://conda.anaconda.org/conda-forge/noarch/toml-0.10.2-pyhcf101f3_3.conda#d0fc809fa4c4d85e959ce4ab6e1de800
https://conda.anaconda.org/conda-forge/noarch/tomli-2.4.1-pyhcf101f3_0.conda#b5325cf06a000c5b14970462ff5e4d58
https://conda.anaconda.org/conda-forge/noarch/typing_extensions-4.15.0-pyhcf101f3_0.conda#0caa1af407ecff61170c9437a808404d
https://conda.anaconda.org/conda-forge/osx-arm64/unicodedata2-17.0.1-py312h2bbb03f_0.conda#45b836f333fd3e282c16fff7dc82994e
https://conda.anaconda.org/conda-forge/osx-arm64/uvloop-0.22.1-py312h4409184_1.conda#c4ab85bf8caa149bb54fd54e35f095b3
https://conda.anaconda.org/conda-forge/osx-arm64/websockets-16.0-py312hb3ab3e3_1.conda#3da07548ed0e08634abf2b3b878eabc1
https://conda.anaconda.org/conda-forge/noarch/cached-property-1.5.2-hd8ed1ab_1.tar.bz2#9b347a7ec10940d3f7941ff6c460b551
https://conda.anaconda.org/conda-forge/noarch/conda-pack-0.8.1-pyhd8ed1ab_1.conda#9b66289a559bc3503075f3ea012fd243
https://conda.anaconda.org/conda-forge/osx-arm64/coverage-7.14.0-py312h04c11ed_0.conda#7568d1be300c1b10faac484fdf425241
https://conda.anaconda.org/conda-forge/noarch/dnspython-2.8.0-pyhcf101f3_0.conda#d73fdc05f10693b518f52c994d748c19
https://conda.anaconda.org/conda-forge/noarch/exceptiongroup-1.3.1-pyhd8ed1ab_0.conda#8e662bd460bda79b1ea39194e3c4c9ab
https://conda.anaconda.org/conda-forge/osx-arm64/fontconfig-2.18.0-h2b252f5_0.conda#cf31c25b5770548a394478bb6180ddbc
https://conda.anaconda.org/conda-forge/osx-arm64/fonttools-4.63.0-py312h04c11ed_0.conda#77e64a600d8426c3863942f67491f5fb
https://conda.anaconda.org/conda-forge/osx-arm64/freetype-2.14.3-hce30654_0.conda#6dcc75ba2e04c555e881b72793d3282f
https://conda.anaconda.org/conda-forge/osx-arm64/gunicorn-23.0.0-py312h81bd7bf_3.conda#e4ff4f9afc4992dd218096539f730d22
https://conda.anaconda.org/conda-forge/noarch/h11-0.16.0-pyhcf101f3_1.conda#b8993c19b0c32a2f7b66cbb58ca27069
https://conda.anaconda.org/conda-forge/noarch/h2-4.3.0-pyhcf101f3_0.conda#164fc43f0b53b6e3a7bc7dce5e4f1dc9
https://conda.anaconda.org/conda-forge/noarch/jinja2-3.1.6-pyhcf101f3_1.conda#04558c96691bed63104678757beb4f8d
https://conda.anaconda.org/conda-forge/osx-arm64/libgfortran-15.2.0-h07b0088_19.conda#1ea03f87cdb1078fbc0e2b2deb63752c
https://conda.anaconda.org/conda-forge/noarch/markdown-it-py-4.2.0-pyhd8ed1ab_0.conda#6d03368f2b2b0a5fb6839df53b2eb5e0
https://conda.anaconda.org/conda-forge/osx-arm64/openldap-2.6.10-hbe55e7a_0.conda#6fd5d73c63b5d37d9196efb4f044af76
https://conda.anaconda.org/conda-forge/osx-arm64/pillow-12.2.0-py312h4e908a4_0.conda#0634560e556adb3e7924668e49ad53fc
https://conda.anaconda.org/conda-forge/noarch/python-dateutil-2.9.0.post0-pyhe01879c_2.conda#5b8d21249ff20967101ffa321cab24e8
https://conda.anaconda.org/conda-forge/noarch/typing-extensions-4.15.0-h396c80c_0.conda#edd329d7d3a4ab45dcf905899a7a6115
https://conda.anaconda.org/conda-forge/noarch/typing-inspection-0.4.2-pyhcf101f3_2.conda#53f5409c5cfd6c5a66417d68e3f0a864
https://conda.anaconda.org/conda-forge/noarch/werkzeug-3.1.8-pyhcf101f3_0.conda#3eeca039e7316268627f4116da9df64c
https://conda.anaconda.org/conda-forge/noarch/wheel-0.47.0-pyhd8ed1ab_0.conda#d0e3b2f0030cf4fca58bde71d246e94c
https://conda.anaconda.org/conda-forge/noarch/annotated-types-0.7.0-pyhd8ed1ab_1.conda#2934f256a8acfe48f6ebb4fce6cde29c
https://conda.anaconda.org/conda-forge/noarch/anyio-4.13.0-pyhcf101f3_0.conda#af2df4b9108808da3dc76710fe50eae2
https://conda.anaconda.org/conda-forge/osx-arm64/cairo-1.18.4-h6a3b0d2_0.conda#38f6df8bc8c668417b904369a01ba2e2
https://conda.anaconda.org/conda-forge/noarch/email-validator-2.3.0-pyhd8ed1ab_0.conda#3bc0ac31178387e8ed34094d9481bfe8
https://conda.anaconda.org/conda-forge/noarch/flask-3.1.3-pyhcf101f3_1.conda#156398929bf849da6df8f89a2c390185
https://conda.anaconda.org/conda-forge/noarch/freetype-py-2.3.0-pyhd8ed1ab_0.tar.bz2#e4a165cdbbaed5bbb6e653b823156151
https://conda.anaconda.org/conda-forge/osx-arm64/hdf5-1.14.6-nompi_had3affe_106.conda#2d1270d283403c542680e969bea70355
https://conda.anaconda.org/conda-forge/osx-arm64/libopenblas-0.3.33-openmp_he657e61_0.conda#909e41855c29f0d52ae630198cd57135
https://conda.anaconda.org/conda-forge/osx-arm64/libpq-17.7-h944245b_1.conda#64c7e1b49612fd7c36968ab30c985d77
https://conda.anaconda.org/conda-forge/noarch/pip-26.1.1-pyh8b19718_0.conda#35870d32aed92041d31cbb15e822dca3
https://conda.anaconda.org/conda-forge/osx-arm64/pydantic-core-2.33.2-py312hd3c0895_0.conda#affb6b478c21735be55304d47bfe1c63
https://conda.anaconda.org/conda-forge/noarch/pytest-8.4.2-pyhcf101f3_1.conda#da0c42269086f5170e2b296878ec13a6
https://conda.anaconda.org/conda-forge/noarch/rich-15.0.0-pyhcf101f3_0.conda#0242025a3c804966bf71aa04eee82f66
https://conda.anaconda.org/conda-forge/osx-arm64/sqlalchemy-2.0.50-py312hb3ab3e3_0.conda#f1457bb33425ec79066147419d66762d
https://conda.anaconda.org/conda-forge/noarch/urllib3-2.7.0-pyhd8ed1ab_0.conda#cbb88288f74dbe6ada1c6c7d0a97223e
https://conda.anaconda.org/conda-forge/noarch/uvicorn-0.47.0-pyhc90fa1f_0.conda#b36eb3071fdf2bedb0ff1bf8386aeb46
https://conda.anaconda.org/conda-forge/noarch/email_validator-2.3.0-hd8ed1ab_0.conda#2452e434747a6b742adc5045f2182a8e
https://conda.anaconda.org/conda-forge/noarch/httpcore-1.0.9-pyh29332c3_0.conda#4f14640d58e2cc0aa0819d9d8ba125bb
https://conda.anaconda.org/conda-forge/osx-arm64/libblas-3.11.0-7_h51639a9_openblas.conda#ab6670d099d19fe70cb9efb88a1b5f78
https://conda.anaconda.org/conda-forge/osx-arm64/librdkit-2025.03.6-hafd8b29_0.conda#f338734da79afc3bb5b46de7e8a518af
https://conda.anaconda.org/conda-forge/osx-arm64/pycairo-1.29.0-py312h2437029_0.conda#7a27a42db2d7cc92779abbc26e24d343
https://conda.anaconda.org/conda-forge/noarch/pydantic-2.11.7-pyh3cfb1c2_0.conda#1b337e3d378cde62889bb735c024b7a2
https://conda.anaconda.org/conda-forge/noarch/pytest-cov-6.0.0-pyhd8ed1ab_1.conda#79963c319d1be62c8fd3e34555816e01
https://conda.anaconda.org/conda-forge/noarch/pytest-mock-3.14.0-pyhd8ed1ab_1.conda#1ca25f3fdf32ebd8a51ee9efa97c9a45
https://conda.anaconda.org/conda-forge/noarch/requests-2.32.5-pyhcf101f3_1.conda#c65df89a0b2e321045a9e01d1337b182
https://conda.anaconda.org/conda-forge/noarch/rich-toolkit-0.19.10-pyhcf101f3_0.conda#fd9ec071b2bae8eb470220b00d33b276
https://conda.anaconda.org/conda-forge/noarch/starlette-1.1.0-pyhcf101f3_0.conda#6936d0dc52cbd3a154ee01b06abb7234
https://conda.anaconda.org/conda-forge/noarch/typer-0.25.1-pyhcf101f3_0.conda#ef114c2eb2ff19f6bf616c81f4710841
https://conda.anaconda.org/conda-forge/osx-arm64/watchfiles-1.2.0-py312h232e7c1_0.conda#68369187e67630fd8208cc22a8a2dc7b
https://conda.anaconda.org/conda-forge/noarch/fastapi-core-0.136.1-pyhcf101f3_0.conda#c5bdeaf4ffe949c341a82befffd9fa75
https://conda.anaconda.org/conda-forge/noarch/httpx-0.28.1-pyhd8ed1ab_0.conda#d6989ead454181f4f9bc987d3dc4e285
https://conda.anaconda.org/conda-forge/osx-arm64/libcblas-3.11.0-7_hb0561ab_openblas.conda#189b373453ec3904095dcb16f502bace
https://conda.anaconda.org/conda-forge/osx-arm64/liblapack-3.11.0-7_hd9741b5_openblas.conda#d1289ad41d5a78e2269eea3a2d7f0c7d
https://conda.anaconda.org/conda-forge/noarch/pydantic-extra-types-2.11.2-pyhcf101f3_0.conda#f9acfec2bcfcf6f43594674389da835e
https://conda.anaconda.org/conda-forge/noarch/pydantic-settings-2.14.1-pyhcf101f3_0.conda#3b05fc4bb3e31efd3498136b3221c18f
https://conda.anaconda.org/conda-forge/noarch/rlpycairo-0.4.0-pyh6c17108_0.conda#cc70086eaf08be7f62fd44842c013916
https://conda.anaconda.org/conda-forge/noarch/uvicorn-standard-0.47.0-h4ccdfe0_0.conda#d691286fa2be1f15fa90fe369438bdf6
https://conda.anaconda.org/conda-forge/noarch/fastapi-cli-0.0.23-pyhcf101f3_0.conda#442ec6511754418c87a84bc1dc0c5384
https://conda.anaconda.org/conda-forge/osx-arm64/numpy-2.3.5-py312he281c53_1.conda#5a064b1a93c26d2960bbc49fa1de524b
https://conda.anaconda.org/conda-forge/noarch/reportlab-4.5.1-pyhc364b38_0.conda#bcdf1e7f9929961dade936d2c5520ee9
https://conda.anaconda.org/conda-forge/osx-arm64/contourpy-1.3.3-py312h3093aea_4.conda#f9cce0bc86b46533489a994a47d3c7d2
https://conda.anaconda.org/conda-forge/noarch/fastapi-0.136.1-h9093a4d_0.conda#4de4a392af60d8d9db2352a7fc8cd5f9
https://conda.anaconda.org/conda-forge/osx-arm64/h5py-3.16.0-nompi_py312hdd01ddf_102.conda#d6561da751793e9f534b175e070b19d3
https://conda.anaconda.org/conda-forge/osx-arm64/libboost-python-1.86.0-py312hdeff4eb_5.conda#a1bd6dbd8795a23cae468f59a0795883
https://conda.anaconda.org/conda-forge/osx-arm64/pandas-3.0.3-py312h6510ced_0.conda#4581a32b837950217327fcab93214313
https://conda.anaconda.org/conda-forge/osx-arm64/scipy-1.17.1-py312h0f234b1_0.conda#fd035cd01bb171090a990ae4f4143090
https://conda.anaconda.org/conda-forge/osx-arm64/xcfun-2.1.1-py312h1fe299b_8.conda#926c3d7bc6979475a07c131285422dc4
https://conda.anaconda.org/conda-forge/noarch/geometric-1.1-pyhd8ed1ab_1.conda#6cc2168965a7f8d18e79979ab6902dfc
https://conda.anaconda.org/conda-forge/osx-arm64/matplotlib-base-3.10.9-py312hf3defc7_0.conda#e5d83f3ae6ada32d4e64e366a41f9ff6
https://conda.anaconda.org/conda-forge/osx-arm64/pyscf-2.10.0-py312h0617622_1.conda#76dedcdd29aafb9856fea750208b5d9b
https://conda.anaconda.org/conda-forge/noarch/ase-3.26.0-pyhd8ed1ab_0.conda#628fc4a96f13c1e53521ab6a60a73828
https://conda.anaconda.org/conda-forge/osx-arm64/rdkit-2025.03.6-py312h1ee979d_0.conda#8ec9b8999ce30c8fa40ee8c67487ae8b
# pip argcomplete @ https://files.pythonhosted.org/packages/74/f5/9373290775639cb67a2fce7f629a1c240dce9f12fe927bc32b2736e16dfc/argcomplete-3.6.3-py3-none-any.whl#sha256=f5007b3a600ccac5d25bbce33089211dfd49eab4a7718da3f10e3082525a92ce
# pip genson @ https://files.pythonhosted.org/packages/f8/5c/e226de133afd8bb267ec27eead9ae3d784b95b39a287ed404caab39a5f50/genson-1.3.0-py3-none-any.whl#sha256=468feccd00274cc7e4c09e84b08704270ba8d95232aa280f65b986139cec67f7
# pip isort @ https://files.pythonhosted.org/packages/7f/cc/9b681a170efab4868a032631dea1e8446d8ec718a7f657b94d49d1a12643/isort-6.1.0-py3-none-any.whl#sha256=58d8927ecce74e5087aef019f778d4081a3b6c98f15a80ba35782ca8a2097784
# pip more-itertools @ https://files.pythonhosted.org/packages/e8/3d/1087453384dbde46a8c7f9356eead2c58be8a7bf156bca40243377c85715/more_itertools-11.1.0-py3-none-any.whl#sha256=4b65538ae22f6fed0ce4874efd317463a7489796a0939fa66824dd542125a192
# pip mypy-extensions @ https://files.pythonhosted.org/packages/79/7b/2c79738432f5c924bef5071f933bcc9efd0473bac3b4aa584a6f7c1c8df8/mypy_extensions-1.1.0-py3-none-any.whl#sha256=1be4cccdb0f2482337c4743e60421de3a356cd97508abadd57d47403e94f5505
# pip pathspec @ https://files.pythonhosted.org/packages/f1/d9/7fb5aa316bc299258e68c73ba3bddbc499654a07f151cba08f6153988714/pathspec-1.1.1-py3-none-any.whl#sha256=a00ce642f577bf7f473932318056212bc4f8bfdf53128c78bbd5af0b9b20b189
# pip platformdirs @ https://files.pythonhosted.org/packages/75/a6/a0a304dc33b49145b21f4808d763822111e67d1c3a32b524a1baf947b6e1/platformdirs-4.9.6-py3-none-any.whl#sha256=e61adb1d5e5cb3441b4b7710bea7e4c12250ca49439228cc1021c00dcfac0917
# pip protobuf @ https://files.pythonhosted.org/packages/06/db/49b05966fd208ae3f44dcd33837b6243b4915c57561d730a43f881f24dea/protobuf-5.29.6-cp38-abi3-macosx_10_9_universal2.whl#sha256=b5a169e664b4057183a34bdc424540e86eea47560f3c123a0d64de4e137f9269
# pip pyasn1 @ https://files.pythonhosted.org/packages/5d/a0/7d793dce3fa811fe047d6ae2431c672364b462850c6235ae306c0efd025f/pyasn1-0.6.3-py3-none-any.whl#sha256=a80184d120f0864a52a073acc6fc642847d0be408e7c7252f31390c0f4eadcde
# pip pycparser @ https://files.pythonhosted.org/packages/0c/c3/44f3fbbfa403ea2a7c779186dc20772604442dde72947e7d01069cbe98e3/pycparser-3.0-py3-none-any.whl#sha256=b727414169a36b7d524c1c3e31839a521725078d7b2ff038656844266160a992
# pip pytokens @ https://files.pythonhosted.org/packages/41/5d/e44573011401fb82e9d51e97f1290ceb377800fb4eed650b96f4753b499c/pytokens-0.4.1-cp312-cp312-macosx_11_0_arm64.whl#sha256=140709331e846b728475786df8aeb27d24f48cbcf7bcd449f8de75cae7a45083
# pip tqdm @ https://files.pythonhosted.org/packages/16/e1/3079a9ff9b8e11b846c6ac5c8b5bfb7ff225eee721825310c91b3b50304f/tqdm-4.67.3-py3-none-any.whl#sha256=ee1e4c0e59148062281c49d80b25b67771a127c85fc9676d3be5f243206826bf
# pip uritemplate @ https://files.pythonhosted.org/packages/a9/99/3ae339466c9183ea5b8ae87b34c0b897eda475d2aec2307cae60e5cd4f29/uritemplate-4.2.0-py3-none-any.whl#sha256=962201ba1c4edcab02e60f9a0d3821e82dfc5d2d6662a21abd533879bdb8a686
# pip watchdog @ https://files.pythonhosted.org/packages/5b/7e/8f322f5e600812e6f9a31b75d242631068ca8f4ef0582dd3ae6e72daecc8/watchdog-6.0.0-cp312-cp312-macosx_11_0_arm64.whl#sha256=6f10cb2d5902447c7d0da897e2c6768bca89174d0c6e1e30abec5421af97a5b0
# pip black @ https://files.pythonhosted.org/packages/b7/c0/c5a3b1636dfd09c42534f2b3cf33506814f6d3e066fb0879ffa16c1ae860/black-26.5.1-cp312-cp312-macosx_11_0_arm64.whl#sha256=3915f256e75a2d7cf88d8953d37f780455dc586cc72dee059c528fe77f581217
# pip cffi @ https://files.pythonhosted.org/packages/df/a2/781b623f57358e360d62cdd7a8c681f074a71d445418a776eef0aadb4ab4/cffi-2.0.0-cp312-cp312-macosx_11_0_arm64.whl#sha256=8eca2a813c1cb7ad4fb74d368c2ffbbb4789d377ee5bb8df98373c2cc0dee76c
# pip googleapis-common-protos @ https://files.pythonhosted.org/packages/e7/c8/e2645aa8ed02fd4c7a2f59d68783b65b1f3cbdfe39a6308e156509d1fee8/googleapis_common_protos-1.75.0-py3-none-any.whl#sha256=961ed60399c457ceb0ee8f285a84c870aabc9c6a832b9d37bb281b5bebde43ed
# pip grpcio @ https://files.pythonhosted.org/packages/3e/97/b1282161a15d699d1e90c360df18d19165a045ce1c343c7f313f5e8a0b77/grpcio-1.80.0-cp312-cp312-macosx_11_0_universal2.whl#sha256=f49eddcac43c3bf350c0385366a58f36bed8cc2c0ec35ef7b74b49e56552c0c2
# pip httplib2 @ https://files.pythonhosted.org/packages/2f/90/fd509079dfcab01102c0fdd87f3a9506894bc70afcf9e9785ef6b2b3aff6/httplib2-0.31.2-py3-none-any.whl#sha256=dbf0c2fa3862acf3c55c078ea9c0bc4481d7dc5117cae71be9514912cf9f8349
# pip proto-plus @ https://files.pythonhosted.org/packages/7c/20/b122d4626976acb81132036d2ad1bb35a1a8775fceb837ec30964622516a/proto_plus-1.28.0-py3-none-any.whl#sha256=a630604310899e73c59ec302e5765c058d412b2f090b9c79c8822589f14955b8
# pip pyasn1-modules @ https://files.pythonhosted.org/packages/47/8d/d529b5d697919ba8c11ad626e835d4039be708a35b0d22de83a269a6682c/pyasn1_modules-0.4.2-py3-none-any.whl#sha256=29253a9207ce32b64c3ac6600edc75368f98473906e8fd1043bd6b5b1de2c14a
# pip pyscf-properties @ git+https://github.com/pyscf/properties@4eee5a430fb47eca5962f36fdcaf75c2b87e7ede
# pip typeguard @ https://files.pythonhosted.org/packages/5b/29/74eeb4d3f3ae61ca096b018ad486b3b3c74b17bec09ab4edab721cbefec3/typeguard-4.5.2-py3-none-any.whl#sha256=fcf9de18bd945cdb4c7b996e12b4c51ce83f92f191314a6d7cf1739586ec98cf
# pip cryptography @ https://files.pythonhosted.org/packages/df/3d/01f6dd9190170a5a241e0e98c2d04be3664a9e6f5b9b872cde63aff1c3dd/cryptography-48.0.0-cp311-abi3-macosx_10_9_universal2.whl#sha256=0c558d2cdffd8f4bbb30fc7134c74d2ca9a476f830bb053074498fbc86f41ed6
# pip grpcio-status @ https://files.pythonhosted.org/packages/67/58/317b0134129b556a93a3b0afe00ee675b5657f0155509e22fcb853bafe2d/grpcio_status-1.71.2-py3-none-any.whl#sha256=803c98cb6a8b7dc6dbb785b1111aed739f241ab5e9da0bba96888aa74704cfd3
# pip inflect @ https://files.pythonhosted.org/packages/8a/eb/427ed2b20a38a4ee29f24dbe4ae2dafab198674fe9a85e3d6adf9e5f5f41/inflect-7.5.0-py3-none-any.whl#sha256=2aea70e5e70c35d8350b8097396ec155ffd68def678c7ff97f51aa69c1d92344
# pip datamodel-code-generator @ https://files.pythonhosted.org/packages/3b/d0/acd7a19dad4dc4118d2b6ba06df9a4a3725729e91fa3f2c63a765d4e7d44/datamodel_code_generator-0.33.0-py3-none-any.whl#sha256=e229264aa612b2d5bb4901bcd6c520a799ae0d5c19262577a0f876eb48afaaa3
# pip google-auth @ https://files.pythonhosted.org/packages/4a/c9/db44165ba7c581268c6d46017ef63339110378305062830104fc7fa144cb/google_auth-2.53.0-py3-none-any.whl#sha256=6e7449917c599b35126a99ec268ec6880301f2fea41dce198fe8fd83ff642b68
# pip google-api-core @ https://files.pythonhosted.org/packages/03/15/e56f351cf6ef1cfea58e6ac226a7318ed1deb2218c4b3cc9bd9e4b786c5a/google_api_core-2.30.3-py3-none-any.whl#sha256=a85761ba72c444dad5d611c2220633480b2b6be2521eca69cca2dbb3ffd6bfe8
# pip google-auth-httplib2 @ https://files.pythonhosted.org/packages/97/be/954c35a62b9e31de66b0a43c225c9b6bb9e0f98d6b1dc110a2308e3644f5/google_auth_httplib2-0.4.0-py3-none-any.whl#sha256=8e55cfafa3358cba85f6cad4a886138e88e158d71e7e5c9ee5936a5c1507fb91
# pip google-ai-generativelanguage @ https://files.pythonhosted.org/packages/7c/a3/67b8a6ff5001a1d8864922f2d6488dc2a14367ceb651bc3f09a947f2f306/google_ai_generativelanguage-0.6.15-py3-none-any.whl#sha256=5a03ef86377aa184ffef3662ca28f19eeee158733e45d7947982eb953c6ebb6c
# pip google-api-python-client @ https://files.pythonhosted.org/packages/99/c7/1817b4edf966d5afcac1c0781ca36d621bc0cb58104c4e7c2a475ab185f7/google_api_python_client-2.196.0-py3-none-any.whl#sha256=2591e9b47dcb17e4e62a09370aaee3bcf323af8f28ccecdabcd0a42a23ca4db5
# pip google-generativeai @ https://files.pythonhosted.org/packages/97/0f/ef33b5bb71437966590c6297104c81051feae95d54b11ece08533ef937d3/google_generativeai-0.8.6-py3-none-any.whl#sha256=37a0eaaa95e5bbf888828e20a4a1b2c196cc9527d194706e58a68ff388aeb0fa
