# Generated by conda-lock.
# platform: osx-64
# input_hash: e1b7daf1fe2f74aa9c23e5a92289ad17d3b86a737c2ae4006e294305d0119290
@EXPLICIT
https://conda.anaconda.org/conda-forge/noarch/font-ttf-dejavu-sans-mono-2.37-hab24e00_0.tar.bz2#0c96522c6bdaed4b1566d11387caaf45
https://conda.anaconda.org/conda-forge/noarch/font-ttf-inconsolata-3.000-h77eed37_0.tar.bz2#34893075a5c9e55cdafac56607368fc6
https://conda.anaconda.org/conda-forge/noarch/font-ttf-source-code-pro-2.038-h77eed37_0.tar.bz2#4d59c254e01d9cde7957100457e2d5fb
https://conda.anaconda.org/conda-forge/noarch/font-ttf-ubuntu-0.83-h77eed37_3.conda#49023d73832ef61042f6a237cb2687e7
https://conda.anaconda.org/conda-forge/osx-64/libev-4.33-h10d778d_2.conda#899db79329439820b7e8f8de41bca902
https://conda.anaconda.org/conda-forge/noarch/pybind11-abi-4-hd8ed1ab_3.tar.bz2#878f923dd6acc8aeb47a75da6c4098be
https://conda.anaconda.org/conda-forge/noarch/python_abi-3.12-8_cp312.conda#c3efd25ac4d74b1584d2f7a57195ddf1
https://conda.anaconda.org/conda-forge/noarch/tzdata-2025c-hc9c84f9_1.conda#ad659d0a2b3e47e38d829aa8cad2d610
https://conda.anaconda.org/conda-forge/osx-64/bzip2-1.0.8-h500dc9f_9.conda#4173ac3b19ec0a4f400b4f782910368b
https://conda.anaconda.org/conda-forge/osx-64/c-ares-1.34.6-hb5e19a0_0.conda#fc9a153c57c9f070bebaa7eef30a8f17
https://conda.anaconda.org/conda-forge/noarch/ca-certificates-2026.5.20-hbd8a1cb_0.conda#489b8e97e666c93f68fdb35c3c9b957f
https://conda.anaconda.org/conda-forge/noarch/fonts-conda-forge-1-hc364b38_1.conda#a7970cd949a077b7cb9696379d338681
https://conda.anaconda.org/conda-forge/osx-64/icu-75.1-h120a0e1_0.conda#d68d48a3060eb5abdc1cdc8e2a3a5966
https://conda.anaconda.org/conda-forge/osx-64/libbrotlicommon-1.2.0-h8616949_1.conda#f157c098841474579569c85a60ece586
https://conda.anaconda.org/conda-forge/osx-64/libcint-6.1.3-hed971af_0.conda#570207ae8bb18d337697a7e02d54a1c1
https://conda.anaconda.org/conda-forge/osx-64/libcxx-22.1.6-h19cb2f5_0.conda#fa1bbb55bfda7a8a022d508fb03f1625
https://conda.anaconda.org/conda-forge/osx-64/libdeflate-1.25-h517ebb2_0.conda#31aa65919a729dc48180893f62c25221
https://conda.anaconda.org/conda-forge/osx-64/libexpat-2.8.1-hcc62823_0.conda#f95dc08366f2a452005062b5bcceac51
https://conda.anaconda.org/conda-forge/osx-64/libffi-3.4.6-h281671d_1.conda#4ca9ea59839a9ca8df84170fab4ceb41
https://conda.anaconda.org/conda-forge/osx-64/libiconv-1.18-h57a12c2_2.conda#210a85a1119f97ea7887188d176db135
https://conda.anaconda.org/conda-forge/osx-64/libjpeg-turbo-3.1.4.1-ha1e9b39_0.conda#57cc1464d457d01ac78f5860b9ca1714
https://conda.anaconda.org/conda-forge/osx-64/liblzma-5.8.3-hbb4bfdb_0.conda#becdfbfe7049fa248e52aa37a9df09e2
https://conda.anaconda.org/conda-forge/osx-64/libntlm-1.8-h6e16a3a_0.conda#23d706dbe90b54059ad86ff826677f39
https://conda.anaconda.org/conda-forge/osx-64/libuv-1.52.1-ha3d0635_0.conda#703303067839cd1da659528a84b3c0cc
https://conda.anaconda.org/conda-forge/osx-64/libwebp-base-1.6.0-hb807250_0.conda#7bb6608cf1f83578587297a158a6630b
https://conda.anaconda.org/conda-forge/osx-64/libxc-c-7.0.0-cpu_he2412a9_6.conda#7e9a1978caa0a69d122e5e0067be86e8
https://conda.anaconda.org/conda-forge/osx-64/libzlib-1.3.2-hbb4bfdb_2.conda#30439ff30578e504ee5e0b390afc8c65
https://conda.anaconda.org/conda-forge/osx-64/llvm-openmp-22.1.6-h0d3cbff_0.conda#b67316dec3b5c028b6b1bb6fd713c14e
https://conda.anaconda.org/conda-forge/osx-64/ncurses-6.6-hcc0dc9a_0.conda#31b8740cf1b2588d4e61c81191004061
https://conda.anaconda.org/conda-forge/osx-64/pthread-stubs-0.4-h00291cd_1002.conda#8bcf980d2c6b17094961198284b8e862
https://conda.anaconda.org/conda-forge/osx-64/xorg-libxau-1.0.12-h8616949_1.conda#47f1b8b4a76ebd0cd22bd7153e54a4dc
https://conda.anaconda.org/conda-forge/osx-64/xorg-libxdmcp-1.1.5-h8616949_1.conda#435446d9d7db8e094d2c989766cfb146
https://conda.anaconda.org/conda-forge/osx-64/yaml-0.2.5-h4132b18_3.conda#a645bb90997d3fc2aea0adf6517059bd
https://conda.anaconda.org/conda-forge/osx-64/_openmp_mutex-4.5-7_kmp_llvm.conda#eaac87c21aff3ed21ad9656697bb8326
https://conda.anaconda.org/conda-forge/noarch/fonts-conda-ecosystem-1-0.tar.bz2#fee5683a3f04bd15cbd8318b096a27ab
https://conda.anaconda.org/conda-forge/osx-64/lerc-4.1.0-h35c7297_0.conda#d2fe7e177d1c97c985140bd54e2a5e33
https://conda.anaconda.org/conda-forge/osx-64/libaec-1.1.5-he7c3a48_0.conda#975f98248cde8d54884c6d1eb5184e13
https://conda.anaconda.org/conda-forge/osx-64/libbrotlidec-1.2.0-h8616949_1.conda#63186ac7a8a24b3528b4b14f21c03f54
https://conda.anaconda.org/conda-forge/osx-64/libbrotlienc-1.2.0-h8616949_1.conda#12a58fd3fc285ce20cf20edf21a0ff8f
https://conda.anaconda.org/conda-forge/osx-64/libedit-3.1.20250104-pl5321ha958ccf_0.conda#1f4ed31220402fcddc083b4bff406868
https://conda.anaconda.org/conda-forge/osx-64/libintl-0.25.1-h3184127_1.conda#a8e54eefc65645193c46e8b180f62d22
https://conda.anaconda.org/conda-forge/osx-64/libpng-1.6.58-he930e7c_0.conda#9744d43d5200f284260637304a069ddd
https://conda.anaconda.org/conda-forge/osx-64/libsqlite-3.53.1-h77d7759_0.conda#33cd0cd68a88361e1c328011539cd641
https://conda.anaconda.org/conda-forge/osx-64/libxcb-1.17.0-hf1f96e2_0.conda#bbeca862892e2898bdb45792a61c4afc
https://conda.anaconda.org/conda-forge/osx-64/openssl-3.6.2-hc881268_0.conda#5cf0ece4375c73d7a5765e83565a69c7
https://conda.anaconda.org/conda-forge/osx-64/pcre2-10.46-ha3e7e28_0.conda#3b504da3a4f6d8b2b1f969686a0bf0c0
https://conda.anaconda.org/conda-forge/osx-64/pixman-0.46.4-ha059160_1.conda#742a8552e51029585a32b6024e9f57b4
https://conda.anaconda.org/conda-forge/osx-64/qhull-2020.2-h3c5361c_5.conda#dd1ea9ff27c93db7c01a7b7656bd4ad4
https://conda.anaconda.org/conda-forge/osx-64/readline-8.3-h68b038d_0.conda#eefd65452dfe7cce476a519bece46704
https://conda.anaconda.org/conda-forge/osx-64/tk-8.6.13-h7142dee_3.conda#6e6efb7463f8cef69dbcb4c2205bf60e
https://conda.anaconda.org/conda-forge/osx-64/zlib-ng-2.3.3-h8bce59a_1.conda#b3ecb6480fd46194e3f7dd0ff4445dff
https://conda.anaconda.org/conda-forge/osx-64/zstd-1.5.7-h3eecb57_6.conda#727109b184d680772e3122f40136d5ca
https://conda.anaconda.org/conda-forge/osx-64/brotli-bin-1.2.0-h8616949_1.conda#34803b20dfec7af32ba675c5ccdbedbf
https://conda.anaconda.org/conda-forge/osx-64/krb5-1.21.3-h37d8d59_0.conda#d4765c524b1d91567886bde656fb514b
https://conda.anaconda.org/conda-forge/osx-64/libboost-1.86.0-hb2bbd1d_4.conda#84262b75468880fe2fa6858ea0ce8e0e
https://conda.anaconda.org/conda-forge/osx-64/libfreetype6-2.14.3-h58fbd8d_0.conda#27515b8ab8bf4abd8d3d90cf11212411
https://conda.anaconda.org/conda-forge/osx-64/libgcc-15.2.0-h08519bb_19.conda#4bf33d5ca73f4b89d3495285a42414a4
https://conda.anaconda.org/conda-forge/osx-64/libglib-2.86.0-h7cafd41_0.conda#39fb5e0b9b76a73e18581b3839a3af3d
https://conda.anaconda.org/conda-forge/osx-64/libnghttp2-1.68.1-h70048d4_0.conda#dba4c95e2fe24adcae4b77ebf33559ae
https://conda.anaconda.org/conda-forge/osx-64/libssh2-1.11.1-hed3591d_0.conda#a6cb15db1c2dc4d3a5f6cf3772e09e81
https://conda.anaconda.org/conda-forge/osx-64/libtiff-4.7.1-ha0a348c_1.conda#9d4344f94de4ab1330cdc41c40152ea6
https://conda.anaconda.org/conda-forge/osx-64/python-3.12.11-h9ccd52b_0_cpython.conda#06049132ecd09d0c1dc3d54d93cf1d5d
https://conda.anaconda.org/conda-forge/noarch/annotated-doc-0.0.4-pyhcf101f3_0.conda#52be5139047efadaeeb19c6a5103f92a
https://conda.anaconda.org/conda-forge/osx-64/backports.zstd-1.5.0-py312h5f4ecc6_0.conda#c987aba92ae6e528ed495f1ea71d4834
https://conda.anaconda.org/conda-forge/noarch/bidict-0.23.1-pyhd8ed1ab_1.conda#a6d521e8054c6b38aea1095060bd7e14
https://conda.anaconda.org/conda-forge/noarch/blinker-1.9.0-pyhff2d567_0.conda#42834439227a4551b939beeeb8a4b085
https://conda.anaconda.org/conda-forge/osx-64/brotli-1.2.0-hf139dec_1.conda#149d8ee7d6541a02a6117d8814fd9413
https://conda.anaconda.org/conda-forge/osx-64/brotli-python-1.2.0-py312h4b46afd_1.conda#01fdbccc39e0a7698e9556e8036599b7
https://conda.anaconda.org/conda-forge/noarch/cached_property-1.5.2-pyha770c72_1.tar.bz2#576d629e47797577ab0f1b351297ef4a
https://conda.anaconda.org/conda-forge/noarch/certifi-2026.5.20-pyhd8ed1ab_0.conda#9fefff2f745ea1cc2ef15211a20c054a
https://conda.anaconda.org/conda-forge/noarch/charset-normalizer-3.4.7-pyhd8ed1ab_0.conda#a9167b9571f3baa9d448faa2139d1089
https://conda.anaconda.org/conda-forge/noarch/click-8.4.0-pyhc90fa1f_0.conda#003767c47f1f0a474c4de268b57839c3
https://conda.anaconda.org/conda-forge/noarch/colorama-0.4.6-pyhd8ed1ab_1.conda#962b9857ee8e7018c22f2776ffa0b2d7
https://conda.anaconda.org/conda-forge/noarch/cycler-0.12.1-pyhcf101f3_2.conda#4c2a8fef270f6c69591889b93f9f55c1
https://conda.anaconda.org/conda-forge/osx-64/cyrus-sasl-2.1.28-h610c526_0.conda#314cd5e4aefc50fec5ffd80621cfb4f8
https://conda.anaconda.org/conda-forge/osx-64/fastar-0.11.0-py312he87df83_0.conda#69bb001baf75998550c140e356e4c6ea
https://conda.anaconda.org/conda-forge/osx-64/greenlet-3.5.1-py312h4075484_0.conda#ab0b86223aff2f5a431e92523f3c3bb4
https://conda.anaconda.org/conda-forge/noarch/hpack-4.1.0-pyhd8ed1ab_0.conda#0a802cb9888dd14eeefc611f05c40b6e
https://conda.anaconda.org/conda-forge/osx-64/httptools-0.7.1-py312h80b0991_1.conda#c2097ce88fa7d35a7e8a8eb5691b2ad5
https://conda.anaconda.org/conda-forge/noarch/hyperframe-6.1.0-pyhd8ed1ab_0.conda#8e6923fc12f1fe8f8c4e5c9f343256ac
https://conda.anaconda.org/conda-forge/noarch/idna-3.15-pyhcf101f3_0.conda#1b9083b7f00609605d1483dbc6071a81
https://conda.anaconda.org/conda-forge/noarch/iniconfig-2.3.0-pyhd8ed1ab_0.conda#9614359868482abba1bd15ce465e3c42
https://conda.anaconda.org/conda-forge/noarch/itsdangerous-2.2.0-pyhd8ed1ab_1.conda#7ac5f795c15f288984e32add616cdc59
https://conda.anaconda.org/conda-forge/osx-64/kiwisolver-1.5.0-py312hb1dc2e7_0.conda#4a38b6e74b5a7ea22f1840226e5103a8
https://conda.anaconda.org/conda-forge/osx-64/lcms2-2.19.1-h5ea7634_0.conda#3ae3b6db0dcada986f1e3b608e1cb0fc
https://conda.anaconda.org/conda-forge/osx-64/libcurl-8.18.0-h9348e2b_0.conda#de1910529f64ba4a9ac9005e0be78601
https://conda.anaconda.org/conda-forge/osx-64/libfreetype-2.14.3-h694c41f_0.conda#63b822fcf984c891f0afab2eedfcfaf4
https://conda.anaconda.org/conda-forge/osx-64/libgfortran5-15.2.0-hd16e46c_19.conda#1cddb3f7e54f5871297afc0fafa61c2c
https://conda.anaconda.org/conda-forge/osx-64/markupsafe-3.0.3-py312heb39f77_1.conda#d596f9d03043acd4ec711c844060da59
https://conda.anaconda.org/conda-forge/noarch/mdurl-0.1.2-pyhd8ed1ab_1.conda#592132998493b3ff25fd7479396e8351
https://conda.anaconda.org/conda-forge/noarch/munkres-1.1.4-pyhd8ed1ab_1.conda#37293a85a0f4f77bbd9cf7aaefc62609
https://conda.anaconda.org/conda-forge/noarch/networkx-3.6.1-pyhcf101f3_0.conda#a2c1eeadae7a309daed9d62c96012a2b
https://conda.anaconda.org/conda-forge/osx-64/openjpeg-2.5.4-h52bb76a_0.conda#46e628da6e796c948fa8ec9d6d10bda3
https://conda.anaconda.org/conda-forge/noarch/packaging-26.2-pyhc364b38_0.conda#4c06a92e74452cfa53623a81592e8934
https://conda.anaconda.org/conda-forge/noarch/pluggy-1.6.0-pyhf9edf01_1.conda#d7585b6550ad04c8c5e21097ada2888e
https://conda.anaconda.org/conda-forge/osx-64/psutil-7.0.0-py312h2f459f6_1.conda#d2d5563cc54683a441e2de5fd332911d
https://conda.anaconda.org/conda-forge/noarch/pygments-2.20.0-pyhd8ed1ab_0.conda#16c18772b340887160c79a6acc022db0
https://conda.anaconda.org/conda-forge/noarch/pyparsing-3.3.2-pyhcf101f3_0.conda#3687cc0b82a8b4c17e1f0eb7e47163d5
https://conda.anaconda.org/conda-forge/noarch/pysocks-1.7.1-pyha55dd90_7.conda#461219d1a5bd61342293efa2c0c90eac
https://conda.anaconda.org/conda-forge/noarch/python-dotenv-1.2.2-pyhcf101f3_0.conda#130584ad9f3a513cdd71b1fdc1244e9c
https://conda.anaconda.org/conda-forge/noarch/python-multipart-0.0.29-pyhcf101f3_0.conda#82d9e2a5de24392e4983601e81f8a8a1
https://conda.anaconda.org/conda-forge/osx-64/pyyaml-6.0.3-py312h51361c1_1.conda#9029301bf8a667cf57d6e88f03a6726b
https://conda.anaconda.org/conda-forge/noarch/setuptools-74.1.2-pyhd8ed1ab_0.conda#56c9c11d004428e81d02eeb730fc6336
https://conda.anaconda.org/conda-forge/noarch/shellingham-1.5.4-pyhd8ed1ab_2.conda#83ea3a2ddb7a75c1b09cea582aa4f106
https://conda.anaconda.org/conda-forge/noarch/six-1.17.0-pyhe01879c_1.conda#3339e3b65d58accf4ca4fb8748ab16b3
https://conda.anaconda.org/conda-forge/noarch/sniffio-1.3.1-pyhd8ed1ab_2.conda#03fe290994c5e4ec17293cfb6bdce520
https://conda.anaconda.org/conda-forge/noarch/threadpoolctl-3.6.0-pyhecae5ae_0.conda#9d64911b31d57ca443e9f1e36b04385f
https://conda.anaconda.org/conda-forge/noarch/toml-0.10.2-pyhcf101f3_3.conda#d0fc809fa4c4d85e959ce4ab6e1de800
https://conda.anaconda.org/conda-forge/noarch/tomli-2.4.1-pyhcf101f3_0.conda#b5325cf06a000c5b14970462ff5e4d58
https://conda.anaconda.org/conda-forge/noarch/typing_extensions-4.15.0-pyhcf101f3_0.conda#0caa1af407ecff61170c9437a808404d
https://conda.anaconda.org/conda-forge/osx-64/unicodedata2-17.0.1-py312h1a1c95f_0.conda#563dc18b746f873408b76e068e2b4baa
https://conda.anaconda.org/conda-forge/osx-64/uvloop-0.22.1-py312h80b0991_1.conda#7e20d2b9a264959a2981bf9220b3910e
https://conda.anaconda.org/conda-forge/osx-64/websockets-16.0-py312hf7082af_1.conda#87a96153ad92bee0cac8461ce243fa83
https://conda.anaconda.org/conda-forge/noarch/cached-property-1.5.2-hd8ed1ab_1.tar.bz2#9b347a7ec10940d3f7941ff6c460b551
https://conda.anaconda.org/conda-forge/noarch/conda-pack-0.8.1-pyhd8ed1ab_1.conda#9b66289a559bc3503075f3ea012fd243
https://conda.anaconda.org/conda-forge/osx-64/coverage-7.14.0-py312heb39f77_0.conda#e8cd6d5f41bbb4afa787a223d9b71a7d
https://conda.anaconda.org/conda-forge/noarch/dnspython-2.8.0-pyhcf101f3_0.conda#d73fdc05f10693b518f52c994d748c19
https://conda.anaconda.org/conda-forge/noarch/exceptiongroup-1.3.1-pyhd8ed1ab_0.conda#8e662bd460bda79b1ea39194e3c4c9ab
https://conda.anaconda.org/conda-forge/osx-64/fontconfig-2.18.0-h7a4440b_0.conda#0307bd7aa60a2f68e26bce6e54ed8956
https://conda.anaconda.org/conda-forge/osx-64/fonttools-4.63.0-py312heb39f77_0.conda#86857c4f51ca02be0aa72fb98ea80ef9
https://conda.anaconda.org/conda-forge/osx-64/freetype-2.14.3-h694c41f_0.conda#6ab1403cc6cb284d56d0464f19251075
https://conda.anaconda.org/conda-forge/osx-64/gunicorn-23.0.0-py312hb401068_3.conda#308f75ab6769a54afb78300636164590
https://conda.anaconda.org/conda-forge/noarch/h11-0.16.0-pyhcf101f3_1.conda#b8993c19b0c32a2f7b66cbb58ca27069
https://conda.anaconda.org/conda-forge/noarch/h2-4.3.0-pyhcf101f3_0.conda#164fc43f0b53b6e3a7bc7dce5e4f1dc9
https://conda.anaconda.org/conda-forge/noarch/jinja2-3.1.6-pyhcf101f3_1.conda#04558c96691bed63104678757beb4f8d
https://conda.anaconda.org/conda-forge/osx-64/libgfortran-15.2.0-h7e5c614_19.conda#d362f41203d0a1d2d4940446f95374c9
https://conda.anaconda.org/conda-forge/noarch/markdown-it-py-4.2.0-pyhd8ed1ab_0.conda#6d03368f2b2b0a5fb6839df53b2eb5e0
https://conda.anaconda.org/conda-forge/osx-64/openldap-2.6.10-hd8a590d_0.conda#60bd9b6c1e5208ff2f4a39ab3eabdee8
https://conda.anaconda.org/conda-forge/osx-64/pillow-12.2.0-py312he84af14_0.conda#2062ffb1b958b050e65ddd8556bcb4d8
https://conda.anaconda.org/conda-forge/noarch/python-dateutil-2.9.0.post0-pyhe01879c_2.conda#5b8d21249ff20967101ffa321cab24e8
https://conda.anaconda.org/conda-forge/noarch/typing-extensions-4.15.0-h396c80c_0.conda#edd329d7d3a4ab45dcf905899a7a6115
https://conda.anaconda.org/conda-forge/noarch/typing-inspection-0.4.2-pyhcf101f3_2.conda#53f5409c5cfd6c5a66417d68e3f0a864
https://conda.anaconda.org/conda-forge/noarch/werkzeug-3.1.8-pyhcf101f3_0.conda#3eeca039e7316268627f4116da9df64c
https://conda.anaconda.org/conda-forge/noarch/wheel-0.47.0-pyhd8ed1ab_0.conda#d0e3b2f0030cf4fca58bde71d246e94c
https://conda.anaconda.org/conda-forge/noarch/annotated-types-0.7.0-pyhd8ed1ab_1.conda#2934f256a8acfe48f6ebb4fce6cde29c
https://conda.anaconda.org/conda-forge/noarch/anyio-4.13.0-pyhcf101f3_0.conda#af2df4b9108808da3dc76710fe50eae2
https://conda.anaconda.org/conda-forge/osx-64/cairo-1.18.4-h950ec3b_0.conda#32403b4ef529a2018e4d8c4f2a719f16
https://conda.anaconda.org/conda-forge/noarch/email-validator-2.3.0-pyhd8ed1ab_0.conda#3bc0ac31178387e8ed34094d9481bfe8
https://conda.anaconda.org/conda-forge/noarch/flask-3.1.3-pyhcf101f3_1.conda#156398929bf849da6df8f89a2c390185
https://conda.anaconda.org/conda-forge/noarch/freetype-py-2.3.0-pyhd8ed1ab_0.tar.bz2#e4a165cdbbaed5bbb6e653b823156151
https://conda.anaconda.org/conda-forge/osx-64/hdf5-1.14.6-nompi_hf563b80_106.conda#b74e900265ad3808337cd542cfad6733
https://conda.anaconda.org/conda-forge/osx-64/libopenblas-0.3.33-openmp_h9e49c7b_0.conda#30666a6f0afe1471e999eca7ae5c8179
https://conda.anaconda.org/conda-forge/osx-64/libpq-18.1-h1e038c5_2.conda#5084757a93eb76dd26cbc85a4f38b0a3
https://conda.anaconda.org/conda-forge/noarch/pip-26.1.1-pyh8b19718_0.conda#35870d32aed92041d31cbb15e822dca3
https://conda.anaconda.org/conda-forge/osx-64/pydantic-core-2.33.2-py312haba3716_0.conda#ef5b500de254557bd376a64ef2d76c9a
https://conda.anaconda.org/conda-forge/noarch/pytest-8.4.2-pyhcf101f3_1.conda#da0c42269086f5170e2b296878ec13a6
https://conda.anaconda.org/conda-forge/noarch/rich-15.0.0-pyhcf101f3_0.conda#0242025a3c804966bf71aa04eee82f66
https://conda.anaconda.org/conda-forge/osx-64/sqlalchemy-2.0.50-py312hba6025d_0.conda#39eb1c70b85086c6aa889c5454142b03
https://conda.anaconda.org/conda-forge/noarch/urllib3-2.7.0-pyhd8ed1ab_0.conda#cbb88288f74dbe6ada1c6c7d0a97223e
https://conda.anaconda.org/conda-forge/noarch/uvicorn-0.47.0-pyhc90fa1f_0.conda#b36eb3071fdf2bedb0ff1bf8386aeb46
https://conda.anaconda.org/conda-forge/noarch/wsproto-1.3.2-pyhd8ed1ab_0.conda#37296f462da2870694aff84a01625ba5
https://conda.anaconda.org/conda-forge/noarch/email_validator-2.3.0-hd8ed1ab_0.conda#2452e434747a6b742adc5045f2182a8e
https://conda.anaconda.org/conda-forge/noarch/httpcore-1.0.9-pyh29332c3_0.conda#4f14640d58e2cc0aa0819d9d8ba125bb
https://conda.anaconda.org/conda-forge/osx-64/libblas-3.11.0-7_he492b99_openblas.conda#9033f3879f6a191d759d7fde5914555f
https://conda.anaconda.org/conda-forge/osx-64/librdkit-2025.03.6-h984751c_1.conda#3ad0148f40d27a6ede140f67211fab25
https://conda.anaconda.org/conda-forge/osx-64/pycairo-1.29.0-py312h373e0d9_1.conda#eae555e47a6a7b966a0ffa46c5f5e075
https://conda.anaconda.org/conda-forge/noarch/pydantic-2.11.7-pyh3cfb1c2_0.conda#1b337e3d378cde62889bb735c024b7a2
https://conda.anaconda.org/conda-forge/noarch/pytest-cov-6.0.0-pyhd8ed1ab_1.conda#79963c319d1be62c8fd3e34555816e01
https://conda.anaconda.org/conda-forge/noarch/pytest-mock-3.14.0-pyhd8ed1ab_1.conda#1ca25f3fdf32ebd8a51ee9efa97c9a45
https://conda.anaconda.org/conda-forge/noarch/requests-2.32.5-pyhcf101f3_1.conda#c65df89a0b2e321045a9e01d1337b182
https://conda.anaconda.org/conda-forge/noarch/rich-toolkit-0.19.10-pyhcf101f3_0.conda#fd9ec071b2bae8eb470220b00d33b276
https://conda.anaconda.org/conda-forge/noarch/simple-websocket-1.1.0-pyhd8ed1ab_0.conda#62e0b21f75a81735ddc72e6019d27c16
https://conda.anaconda.org/conda-forge/noarch/starlette-1.0.1-pyhcf101f3_0.conda#635faa8ce3a592deb2a12d71e891f697
https://conda.anaconda.org/conda-forge/noarch/typer-0.25.1-pyhcf101f3_0.conda#ef114c2eb2ff19f6bf616c81f4710841
https://conda.anaconda.org/conda-forge/osx-64/watchfiles-1.2.0-py312h424b2ee_0.conda#fcd1f53cd14ce4cb4a0dd415c3930849
https://conda.anaconda.org/conda-forge/noarch/fastapi-core-0.136.1-pyhcf101f3_0.conda#c5bdeaf4ffe949c341a82befffd9fa75
https://conda.anaconda.org/conda-forge/noarch/httpx-0.28.1-pyhd8ed1ab_0.conda#d6989ead454181f4f9bc987d3dc4e285
https://conda.anaconda.org/conda-forge/osx-64/libcblas-3.11.0-7_h9b27e0a_openblas.conda#ebd8b6277cef635b7ae80400eda886e5
https://conda.anaconda.org/conda-forge/osx-64/liblapack-3.11.0-7_h859234e_openblas.conda#3aa5c4d55000d922e71dee6daddc5031
https://conda.anaconda.org/conda-forge/noarch/pydantic-extra-types-2.11.2-pyhcf101f3_0.conda#f9acfec2bcfcf6f43594674389da835e
https://conda.anaconda.org/conda-forge/noarch/pydantic-settings-2.14.1-pyhcf101f3_0.conda#3b05fc4bb3e31efd3498136b3221c18f
https://conda.anaconda.org/conda-forge/noarch/python-engineio-4.13.2-pyhcf101f3_0.conda#f0fbb33f5388f3ccc0f2fca78e6a5b72
https://conda.anaconda.org/conda-forge/noarch/rlpycairo-0.4.0-pyh6c17108_0.conda#cc70086eaf08be7f62fd44842c013916
https://conda.anaconda.org/conda-forge/noarch/uvicorn-standard-0.47.0-h4ccdfe0_0.conda#d691286fa2be1f15fa90fe369438bdf6
https://conda.anaconda.org/conda-forge/noarch/fastapi-cli-0.0.23-pyhcf101f3_0.conda#442ec6511754418c87a84bc1dc0c5384
https://conda.anaconda.org/conda-forge/osx-64/numpy-2.3.5-py312hb34da66_1.conda#451365ac8357afcd376df2673f9064a4
https://conda.anaconda.org/conda-forge/noarch/python-socketio-5.16.1-pyhcf101f3_0.conda#71a376ace77669b9d1e4411d35d4b30d
https://conda.anaconda.org/conda-forge/noarch/reportlab-4.5.1-pyhc364b38_0.conda#bcdf1e7f9929961dade936d2c5520ee9
https://conda.anaconda.org/conda-forge/osx-64/contourpy-1.3.3-py312hb0c38da_4.conda#625f08687ba33cc9e57865e7bf8e8123
https://conda.anaconda.org/conda-forge/noarch/fastapi-0.136.1-h9093a4d_0.conda#4de4a392af60d8d9db2352a7fc8cd5f9
https://conda.anaconda.org/conda-forge/osx-64/h5py-3.16.0-nompi_py312h53b4df1_102.conda#626ce477182eeedea956ea6a2c94ef14
https://conda.anaconda.org/conda-forge/osx-64/libboost-python-1.86.0-py312h3a26c12_5.conda#84650ec666b21b2a0bf4218f0b94d1e8
https://conda.anaconda.org/conda-forge/osx-64/pandas-3.0.3-py312h8e27051_0.conda#8cfffbf760a7d7abc16c79141ead177a
https://conda.anaconda.org/conda-forge/osx-64/scipy-1.17.1-py312h6309490_0.conda#07c955303eea8d00535164eb5f63ee97
https://conda.anaconda.org/conda-forge/osx-64/xcfun-2.1.1-h201425c_8.conda#bb406ace1cb95730ac487a9050a3206b
https://conda.anaconda.org/conda-forge/noarch/geometric-1.1-pyhd8ed1ab_1.conda#6cc2168965a7f8d18e79979ab6902dfc
https://conda.anaconda.org/conda-forge/osx-64/matplotlib-base-3.10.9-py312h7609456_0.conda#c7133e403f67d8e34af93e0be4286478
https://conda.anaconda.org/conda-forge/osx-64/pyscf-2.10.0-py312h56a252c_1.conda#6e45fb3b0e77ccd1f1465df535dc9b0a
https://conda.anaconda.org/conda-forge/noarch/ase-3.26.0-pyhd8ed1ab_0.conda#628fc4a96f13c1e53521ab6a60a73828
https://conda.anaconda.org/conda-forge/osx-64/rdkit-2025.03.6-py312h12db544_1.conda#335debd19622f37f0363865d16d7cf5c
# pip argcomplete @ https://files.pythonhosted.org/packages/74/f5/9373290775639cb67a2fce7f629a1c240dce9f12fe927bc32b2736e16dfc/argcomplete-3.6.3-py3-none-any.whl#sha256=f5007b3a600ccac5d25bbce33089211dfd49eab4a7718da3f10e3082525a92ce
# pip genson @ https://files.pythonhosted.org/packages/f8/5c/e226de133afd8bb267ec27eead9ae3d784b95b39a287ed404caab39a5f50/genson-1.3.0-py3-none-any.whl#sha256=468feccd00274cc7e4c09e84b08704270ba8d95232aa280f65b986139cec67f7
# pip isort @ https://files.pythonhosted.org/packages/7f/cc/9b681a170efab4868a032631dea1e8446d8ec718a7f657b94d49d1a12643/isort-6.1.0-py3-none-any.whl#sha256=58d8927ecce74e5087aef019f778d4081a3b6c98f15a80ba35782ca8a2097784
# pip more-itertools @ https://files.pythonhosted.org/packages/e8/3d/1087453384dbde46a8c7f9356eead2c58be8a7bf156bca40243377c85715/more_itertools-11.1.0-py3-none-any.whl#sha256=4b65538ae22f6fed0ce4874efd317463a7489796a0939fa66824dd542125a192
# pip mypy-extensions @ https://files.pythonhosted.org/packages/79/7b/2c79738432f5c924bef5071f933bcc9efd0473bac3b4aa584a6f7c1c8df8/mypy_extensions-1.1.0-py3-none-any.whl#sha256=1be4cccdb0f2482337c4743e60421de3a356cd97508abadd57d47403e94f5505
# pip pathspec @ https://files.pythonhosted.org/packages/f1/d9/7fb5aa316bc299258e68c73ba3bddbc499654a07f151cba08f6153988714/pathspec-1.1.1-py3-none-any.whl#sha256=a00ce642f577bf7f473932318056212bc4f8bfdf53128c78bbd5af0b9b20b189
# pip platformdirs @ https://files.pythonhosted.org/packages/75/a6/a0a304dc33b49145b21f4808d763822111e67d1c3a32b524a1baf947b6e1/platformdirs-4.9.6-py3-none-any.whl#sha256=e61adb1d5e5cb3441b4b7710bea7e4c12250ca49439228cc1021c00dcfac0917
# pip protobuf @ https://files.pythonhosted.org/packages/06/db/49b05966fd208ae3f44dcd33837b6243b4915c57561d730a43f881f24dea/protobuf-5.29.6-cp38-abi3-macosx_10_9_universal2.whl#sha256=b5a169e664b4057183a34bdc424540e86eea47560f3c123a0d64de4e137f9269
# pip pyasn1 @ https://files.pythonhosted.org/packages/5d/a0/7d793dce3fa811fe047d6ae2431c672364b462850c6235ae306c0efd025f/pyasn1-0.6.3-py3-none-any.whl#sha256=a80184d120f0864a52a073acc6fc642847d0be408e7c7252f31390c0f4eadcde
# pip pycparser @ https://files.pythonhosted.org/packages/0c/c3/44f3fbbfa403ea2a7c779186dc20772604442dde72947e7d01069cbe98e3/pycparser-3.0-py3-none-any.whl#sha256=b727414169a36b7d524c1c3e31839a521725078d7b2ff038656844266160a992
# pip pytokens @ https://files.pythonhosted.org/packages/c6/78/397db326746f0a342855b81216ae1f0a32965deccfd7c830a2dbc66d2483/pytokens-0.4.1-py3-none-any.whl#sha256=26cef14744a8385f35d0e095dc8b3a7583f6c953c2e3d269c7f82484bf5ad2de
# pip tqdm @ https://files.pythonhosted.org/packages/16/e1/3079a9ff9b8e11b846c6ac5c8b5bfb7ff225eee721825310c91b3b50304f/tqdm-4.67.3-py3-none-any.whl#sha256=ee1e4c0e59148062281c49d80b25b67771a127c85fc9676d3be5f243206826bf
# pip uritemplate @ https://files.pythonhosted.org/packages/a9/99/3ae339466c9183ea5b8ae87b34c0b897eda475d2aec2307cae60e5cd4f29/uritemplate-4.2.0-py3-none-any.whl#sha256=962201ba1c4edcab02e60f9a0d3821e82dfc5d2d6662a21abd533879bdb8a686
# pip watchdog @ https://files.pythonhosted.org/packages/12/87/48361531f70b1f87928b045df868a9fd4e253d9ae087fa4cf3f7113be363/watchdog-6.0.0-cp312-cp312-macosx_10_13_x86_64.whl#sha256=c7c15dda13c4eb00d6fb6fc508b3c0ed88b9d5d374056b239c4ad1611125c860
# pip black @ https://files.pythonhosted.org/packages/24/99/7744b906703228264ef73bdd534df88ec1ef3de45c4e78f6d31b9e32d0c9/black-26.5.1-cp312-cp312-macosx_10_13_x86_64.whl#sha256=4ad6fa01f941920f54f2bbb35f3df7673428a0ef98a0b0840c2eaef3b110efa8
# pip cffi @ https://files.pythonhosted.org/packages/ea/47/4f61023ea636104d4f16ab488e268b93008c3d0bb76893b1b31db1f96802/cffi-2.0.0-cp312-cp312-macosx_10_13_x86_64.whl#sha256=6d02d6655b0e54f54c4ef0b94eb6be0607b70853c45ce98bd278dc7de718be5d
# pip googleapis-common-protos @ https://files.pythonhosted.org/packages/e7/c8/e2645aa8ed02fd4c7a2f59d68783b65b1f3cbdfe39a6308e156509d1fee8/googleapis_common_protos-1.75.0-py3-none-any.whl#sha256=961ed60399c457ceb0ee8f285a84c870aabc9c6a832b9d37bb281b5bebde43ed
# pip grpcio @ https://files.pythonhosted.org/packages/3e/97/b1282161a15d699d1e90c360df18d19165a045ce1c343c7f313f5e8a0b77/grpcio-1.80.0-cp312-cp312-macosx_11_0_universal2.whl#sha256=f49eddcac43c3bf350c0385366a58f36bed8cc2c0ec35ef7b74b49e56552c0c2
# pip httplib2 @ https://files.pythonhosted.org/packages/2f/90/fd509079dfcab01102c0fdd87f3a9506894bc70afcf9e9785ef6b2b3aff6/httplib2-0.31.2-py3-none-any.whl#sha256=dbf0c2fa3862acf3c55c078ea9c0bc4481d7dc5117cae71be9514912cf9f8349
# pip proto-plus @ https://files.pythonhosted.org/packages/7c/20/b122d4626976acb81132036d2ad1bb35a1a8775fceb837ec30964622516a/proto_plus-1.28.0-py3-none-any.whl#sha256=a630604310899e73c59ec302e5765c058d412b2f090b9c79c8822589f14955b8
# pip pyasn1-modules @ https://files.pythonhosted.org/packages/47/8d/d529b5d697919ba8c11ad626e835d4039be708a35b0d22de83a269a6682c/pyasn1_modules-0.4.2-py3-none-any.whl#sha256=29253a9207ce32b64c3ac6600edc75368f98473906e8fd1043bd6b5b1de2c14a
# pip pyscf-properties @ git+https://github.com/pyscf/properties@4eee5a430fb47eca5962f36fdcaf75c2b87e7ede
# pip typeguard @ https://files.pythonhosted.org/packages/5b/29/74eeb4d3f3ae61ca096b018ad486b3b3c74b17bec09ab4edab721cbefec3/typeguard-4.5.2-py3-none-any.whl#sha256=fcf9de18bd945cdb4c7b996e12b4c51ce83f92f191314a6d7cf1739586ec98cf
# pip cryptography @ https://files.pythonhosted.org/packages/df/3d/01f6dd9190170a5a241e0e98c2d04be3664a9e6f5b9b872cde63aff1c3dd/cryptography-48.0.0-cp311-abi3-macosx_10_9_universal2.whl#sha256=0c558d2cdffd8f4bbb30fc7134c74d2ca9a476f830bb053074498fbc86f41ed6
# pip grpcio-status @ https://files.pythonhosted.org/packages/67/58/317b0134129b556a93a3b0afe00ee675b5657f0155509e22fcb853bafe2d/grpcio_status-1.71.2-py3-none-any.whl#sha256=803c98cb6a8b7dc6dbb785b1111aed739f241ab5e9da0bba96888aa74704cfd3
# pip inflect @ https://files.pythonhosted.org/packages/8a/eb/427ed2b20a38a4ee29f24dbe4ae2dafab198674fe9a85e3d6adf9e5f5f41/inflect-7.5.0-py3-none-any.whl#sha256=2aea70e5e70c35d8350b8097396ec155ffd68def678c7ff97f51aa69c1d92344
# pip datamodel-code-generator @ https://files.pythonhosted.org/packages/3b/d0/acd7a19dad4dc4118d2b6ba06df9a4a3725729e91fa3f2c63a765d4e7d44/datamodel_code_generator-0.33.0-py3-none-any.whl#sha256=e229264aa612b2d5bb4901bcd6c520a799ae0d5c19262577a0f876eb48afaaa3
# pip google-auth @ https://files.pythonhosted.org/packages/4a/c9/db44165ba7c581268c6d46017ef63339110378305062830104fc7fa144cb/google_auth-2.53.0-py3-none-any.whl#sha256=6e7449917c599b35126a99ec268ec6880301f2fea41dce198fe8fd83ff642b68
# pip google-api-core @ https://files.pythonhosted.org/packages/03/15/e56f351cf6ef1cfea58e6ac226a7318ed1deb2218c4b3cc9bd9e4b786c5a/google_api_core-2.30.3-py3-none-any.whl#sha256=a85761ba72c444dad5d611c2220633480b2b6be2521eca69cca2dbb3ffd6bfe8
# pip google-auth-httplib2 @ https://files.pythonhosted.org/packages/97/be/954c35a62b9e31de66b0a43c225c9b6bb9e0f98d6b1dc110a2308e3644f5/google_auth_httplib2-0.4.0-py3-none-any.whl#sha256=8e55cfafa3358cba85f6cad4a886138e88e158d71e7e5c9ee5936a5c1507fb91
# pip google-ai-generativelanguage @ https://files.pythonhosted.org/packages/7c/a3/67b8a6ff5001a1d8864922f2d6488dc2a14367ceb651bc3f09a947f2f306/google_ai_generativelanguage-0.6.15-py3-none-any.whl#sha256=5a03ef86377aa184ffef3662ca28f19eeee158733e45d7947982eb953c6ebb6c
# pip google-api-python-client @ https://files.pythonhosted.org/packages/99/c7/1817b4edf966d5afcac1c0781ca36d621bc0cb58104c4e7c2a475ab185f7/google_api_python_client-2.196.0-py3-none-any.whl#sha256=2591e9b47dcb17e4e62a09370aaee3bcf323af8f28ccecdabcd0a42a23ca4db5
# pip google-generativeai @ https://files.pythonhosted.org/packages/97/0f/ef33b5bb71437966590c6297104c81051feae95d54b11ece08533ef937d3/google_generativeai-0.8.6-py3-none-any.whl#sha256=37a0eaaa95e5bbf888828e20a4a1b2c196cc9527d194706e58a68ff388aeb0fa
